{
  "version": 4,
  "terraform_version": "1.2.5",
  "serial": 261,
  "lineage": "27611d9f-f7e4-743d-7f21-22bc4a5dc95e",
  "outputs": {},
  "resources": [
    {
      "mode": "managed",
      "type": "aws_alb_listener",
      "name": "devops-test-app-webserver-alb-listener",
      "provider": "provider[\"registry.terraform.io/hashicorp/aws\"]",
      "instances": [
        {
          "schema_version": 0,
          "attributes": {
            "alpn_policy": null,
            "arn": "arn:aws:elasticloadbalancing:eu-central-1:184062889021:listener/net/devops-test-dev--public-lb/660bf948901c2f7c/73eb63194898c3f5",
            "certificate_arn": null,
            "default_action": [
              {
                "authenticate_cognito": [],
                "authenticate_oidc": [],
                "fixed_response": [],
                "forward": [],
                "order": 1,
                "redirect": [],
                "target_group_arn": "arn:aws:elasticloadbalancing:eu-central-1:184062889021:targetgroup/dev--webserver-lb-target-group/ed5bdb6c92a65443",
                "type": "forward"
              }
            ],
            "id": "arn:aws:elasticloadbalancing:eu-central-1:184062889021:listener/net/devops-test-dev--public-lb/660bf948901c2f7c/73eb63194898c3f5",
            "load_balancer_arn": "arn:aws:elasticloadbalancing:eu-central-1:184062889021:loadbalancer/net/devops-test-dev--public-lb/660bf948901c2f7c",
            "port": 80,
            "protocol": "TCP",
            "ssl_policy": "",
            "tags": null,
            "tags_all": {},
            "timeouts": null
          },
          "sensitive_attributes": [],
          "private": "eyJlMmJmYjczMC1lY2FhLTExZTYtOGY4OC0zNDM2M2JjN2M0YzAiOnsicmVhZCI6NjAwMDAwMDAwMDAwfX0=",
          "dependencies": [
            "aws_lb.devops-test-app-public-lb",
            "aws_lb_target_group.devops-test-app-webserver-lb-target-group",
            "aws_vpc.devops-test-app-vpc"
          ]
        }
      ]
    },
    {
      "mode": "managed",
      "type": "aws_autoscaling_group",
      "name": "devops-test-app-webserver-autoscaling-group",
      "provider": "provider[\"registry.terraform.io/hashicorp/aws\"]",
      "instances": [
        {
          "schema_version": 0,
          "attributes": {
            "arn": "arn:aws:autoscaling:eu-central-1:184062889021:autoScalingGroup:4588b554-3ec2-41fd-b735-9f4f8e8df66a:autoScalingGroupName/dev--webserver-autoscaling-group",
            "availability_zones": [
              "eu-central-1c"
            ],
            "capacity_rebalance": false,
            "context": "",
            "default_cooldown": 300,
            "default_instance_warmup": 0,
            "desired_capacity": 1,
            "enabled_metrics": [],
            "force_delete": true,
            "force_delete_warm_pool": false,
            "health_check_grace_period": 100,
            "health_check_type": "ELB",
            "id": "dev--webserver-autoscaling-group",
            "initial_lifecycle_hook": [],
            "instance_refresh": [],
            "launch_configuration": "",
            "launch_template": [
              {
                "id": "lt-00753f1ec05576c02",
                "name": "terraform-20220717140843710200000007",
                "version": ""
              }
            ],
            "load_balancers": [],
            "max_instance_lifetime": 0,
            "max_size": 10,
            "metrics_granularity": "1Minute",
            "min_elb_capacity": null,
            "min_size": 1,
            "mixed_instances_policy": [],
            "name": "dev--webserver-autoscaling-group",
            "name_prefix": "",
            "placement_group": "",
            "protect_from_scale_in": false,
            "service_linked_role_arn": "arn:aws:iam::184062889021:role/aws-service-role/autoscaling.amazonaws.com/AWSServiceRoleForAutoScaling",
            "suspended_processes": [],
            "tag": [],
            "tags": null,
            "target_group_arns": [],
            "termination_policies": [],
            "timeouts": null,
            "vpc_zone_identifier": [
              "subnet-061187a968ec61460"
            ],
            "wait_for_capacity_timeout": "10m",
            "wait_for_elb_capacity": null,
            "warm_pool": []
          },
          "sensitive_attributes": [],
          "private": "eyJlMmJmYjczMC1lY2FhLTExZTYtOGY4OC0zNDM2M2JjN2M0YzAiOnsiZGVsZXRlIjo2MDAwMDAwMDAwMDAsInVwZGF0ZSI6NjAwMDAwMDAwMDAwfX0=",
          "dependencies": [
            "aws_launch_template.devops-test-app-webserver-launch-template",
            "aws_security_group.devops-test-web-server-security-group",
            "aws_subnet.devops-test-app-private-subnet",
            "aws_vpc.devops-test-app-vpc"
          ],
          "create_before_destroy": true
        }
      ]
    },
    {
      "mode": "managed",
      "type": "aws_autoscaling_group",
      "name": "devops-test-queue-worker-autoscaling-group",
      "provider": "provider[\"registry.terraform.io/hashicorp/aws\"]",
      "instances": [
        {
          "schema_version": 0,
          "attributes": {
            "arn": "arn:aws:autoscaling:eu-central-1:184062889021:autoScalingGroup:d56cc32c-161b-4ff3-bce9-ac39b41619f6:autoScalingGroupName/dev--queue-worker-autoscaling-group",
            "availability_zones": [
              "eu-central-1c"
            ],
            "capacity_rebalance": true,
            "context": "",
            "default_cooldown": 300,
            "default_instance_warmup": 0,
            "desired_capacity": 1,
            "enabled_metrics": [],
            "force_delete": false,
            "force_delete_warm_pool": false,
            "health_check_grace_period": 300,
            "health_check_type": "EC2",
            "id": "dev--queue-worker-autoscaling-group",
            "initial_lifecycle_hook": [],
            "instance_refresh": [],
            "launch_configuration": "",
            "launch_template": [],
            "load_balancers": [],
            "max_instance_lifetime": 0,
            "max_size": 100,
            "metrics_granularity": "1Minute",
            "min_elb_capacity": null,
            "min_size": 0,
            "mixed_instances_policy": [
              {
                "instances_distribution": [
                  {
                    "on_demand_allocation_strategy": "prioritized",
                    "on_demand_base_capacity": 0,
                    "on_demand_percentage_above_base_capacity": 25,
                    "spot_allocation_strategy": "capacity-optimized",
                    "spot_instance_pools": 0,
                    "spot_max_price": ""
                  }
                ],
                "launch_template": [
                  {
                    "launch_template_specification": [
                      {
                        "launch_template_id": "lt-05590edc13b981103",
                        "launch_template_name": "terraform-20220717140843578200000005",
                        "version": "$Default"
                      }
                    ],
                    "override": []
                  }
                ]
              }
            ],
            "name": "dev--queue-worker-autoscaling-group",
            "name_prefix": "",
            "placement_group": "",
            "protect_from_scale_in": false,
            "service_linked_role_arn": "arn:aws:iam::184062889021:role/aws-service-role/autoscaling.amazonaws.com/AWSServiceRoleForAutoScaling",
            "suspended_processes": [],
            "tag": [],
            "tags": null,
            "target_group_arns": [],
            "termination_policies": [],
            "timeouts": null,
            "vpc_zone_identifier": [
              "subnet-061187a968ec61460"
            ],
            "wait_for_capacity_timeout": "10m",
            "wait_for_elb_capacity": null,
            "warm_pool": []
          },
          "sensitive_attributes": [],
          "private": "eyJlMmJmYjczMC1lY2FhLTExZTYtOGY4OC0zNDM2M2JjN2M0YzAiOnsiZGVsZXRlIjo2MDAwMDAwMDAwMDAsInVwZGF0ZSI6NjAwMDAwMDAwMDAwfX0=",
          "dependencies": [
            "aws_launch_template.devops-test-app-queue-worker-launch-template",
            "aws_security_group.devops-test-queue-worker-security-group",
            "aws_subnet.devops-test-app-private-subnet",
            "aws_vpc.devops-test-app-vpc"
          ]
        }
      ]
    },
    {
      "mode": "managed",
      "type": "aws_autoscaling_policy",
      "name": "devops-test-app-webserver-scaling-policy",
      "provider": "provider[\"registry.terraform.io/hashicorp/aws\"]",
      "instances": [
        {
          "schema_version": 0,
          "attributes": {
            "adjustment_type": "ChangeInCapacity",
            "arn": "arn:aws:autoscaling:eu-central-1:184062889021:scalingPolicy:23104c41-dc75-41e2-ac71-ef2cb26db0f6:autoScalingGroupName/dev--webserver-autoscaling-group:policyName/dev--webserver-scaling-policy",
            "autoscaling_group_name": "dev--webserver-autoscaling-group",
            "cooldown": 100,
            "enabled": true,
            "estimated_instance_warmup": 0,
            "id": "dev--webserver-scaling-policy",
            "metric_aggregation_type": "",
            "min_adjustment_magnitude": null,
            "name": "dev--webserver-scaling-policy",
            "policy_type": "SimpleScaling",
            "predictive_scaling_configuration": [],
            "scaling_adjustment": 3,
            "step_adjustment": [],
            "target_tracking_configuration": []
          },
          "sensitive_attributes": [],
          "private": "bnVsbA==",
          "dependencies": [
            "aws_autoscaling_group.devops-test-app-webserver-autoscaling-group",
            "aws_launch_template.devops-test-app-webserver-launch-template",
            "aws_security_group.devops-test-web-server-security-group",
            "aws_subnet.devops-test-app-private-subnet",
            "aws_vpc.devops-test-app-vpc"
          ]
        }
      ]
    },
    {
      "mode": "managed",
      "type": "aws_autoscaling_policy",
      "name": "devops-test-queue-worker-scaling-down-policy",
      "provider": "provider[\"registry.terraform.io/hashicorp/aws\"]",
      "instances": [
        {
          "schema_version": 0,
          "attributes": {
            "adjustment_type": "ChangeInCapacity",
            "arn": "arn:aws:autoscaling:eu-central-1:184062889021:scalingPolicy:b6ff1b27-abce-493e-9553-cf8823a5cb86:autoScalingGroupName/dev--queue-worker-autoscaling-group:policyName/dev--queue-worker-scaling-down-policy",
            "autoscaling_group_name": "dev--queue-worker-autoscaling-group",
            "cooldown": 100,
            "enabled": true,
            "estimated_instance_warmup": 0,
            "id": "dev--queue-worker-scaling-down-policy",
            "metric_aggregation_type": "",
            "min_adjustment_magnitude": null,
            "name": "dev--queue-worker-scaling-down-policy",
            "policy_type": "SimpleScaling",
            "predictive_scaling_configuration": [],
            "scaling_adjustment": -3,
            "step_adjustment": [],
            "target_tracking_configuration": []
          },
          "sensitive_attributes": [],
          "private": "bnVsbA==",
          "dependencies": [
            "aws_autoscaling_group.devops-test-queue-worker-autoscaling-group",
            "aws_launch_template.devops-test-app-queue-worker-launch-template",
            "aws_security_group.devops-test-queue-worker-security-group",
            "aws_subnet.devops-test-app-private-subnet",
            "aws_vpc.devops-test-app-vpc"
          ]
        }
      ]
    },
    {
      "mode": "managed",
      "type": "aws_autoscaling_policy",
      "name": "devops-test-queue-worker-scaling-up-policy",
      "provider": "provider[\"registry.terraform.io/hashicorp/aws\"]",
      "instances": [
        {
          "schema_version": 0,
          "attributes": {
            "adjustment_type": "ChangeInCapacity",
            "arn": "arn:aws:autoscaling:eu-central-1:184062889021:scalingPolicy:87ec370f-5c1d-4368-8f9c-1347c022e7ed:autoScalingGroupName/dev--queue-worker-autoscaling-group:policyName/dev--queue-worker-scaling-up-policy",
            "autoscaling_group_name": "dev--queue-worker-autoscaling-group",
            "cooldown": 100,
            "enabled": true,
            "estimated_instance_warmup": 0,
            "id": "dev--queue-worker-scaling-up-policy",
            "metric_aggregation_type": "",
            "min_adjustment_magnitude": null,
            "name": "dev--queue-worker-scaling-up-policy",
            "policy_type": "SimpleScaling",
            "predictive_scaling_configuration": [],
            "scaling_adjustment": 3,
            "step_adjustment": [],
            "target_tracking_configuration": []
          },
          "sensitive_attributes": [],
          "private": "bnVsbA==",
          "dependencies": [
            "aws_autoscaling_group.devops-test-queue-worker-autoscaling-group",
            "aws_launch_template.devops-test-app-queue-worker-launch-template",
            "aws_security_group.devops-test-queue-worker-security-group",
            "aws_subnet.devops-test-app-private-subnet",
            "aws_vpc.devops-test-app-vpc"
          ]
        }
      ]
    },
    {
      "mode": "managed",
      "type": "aws_cloudwatch_dashboard",
      "name": "devops-test-app-cloud-watch-dashboard",
      "provider": "provider[\"registry.terraform.io/hashicorp/aws\"]",
      "instances": [
        {
          "schema_version": 0,
          "attributes": {
            "dashboard_arn": "arn:aws:cloudwatch::184062889021:dashboard/devops-test-dev--cloud-watch-dashboard",
            "dashboard_body": "{\n    \"widgets\": [\n        {\n            \"height\": 9,\n            \"width\": 23,\n            \"y\": 0,\n            \"x\": 0,\n            \"type\": \"explorer\",\n            \"properties\": {\n                \"metrics\": [\n                    {\n                        \"metricName\": \"CPUUtilization\",\n                        \"resourceType\": \"AWS::EC2::Instance\",\n                        \"stat\": \"Average\"\n                    }\n                ],\n                \"aggregateBy\": {\n                    \"key\": \"*\",\n                    \"func\": \"MAX\"\n                },\n                \"labels\": [\n                    {\n                        \"key\": \"AvailabilityZone\"\n                    }\n                ],\n                \"widgetOptions\": {\n                    \"legend\": {\n                        \"position\": \"bottom\"\n                    },\n                    \"view\": \"timeSeries\",\n                    \"stacked\": false,\n                    \"rowsPerPage\": 1,\n                    \"widgetsPerRow\": 1\n                },\n                \"period\": 300,\n                \"splitBy\": \"\",\n                \"region\": \"eu-central-1\",\n                \"title\": \"Explorer\"\n            }\n        },\n        {\n            \"height\": 12,\n            \"width\": 13,\n            \"y\": 9,\n            \"x\": 10,\n            \"type\": \"metric\",\n            \"properties\": {\n                \"view\": \"timeSeries\",\n                \"stacked\": false,\n                \"metrics\": [\n                    [ \"AWS/DynamoDB\", \"ConsumedReadCapacityUnits\", \"TableName\", \"dev-db-table\" ],\n                    [ \".\", \"ConsumedWriteCapacityUnits\", \".\", \".\" ]\n                ],\n                \"region\": \"eu-central-1\"\n            }\n        },\n        {\n            \"height\": 12,\n            \"width\": 10,\n            \"y\": 9,\n            \"x\": 0,\n            \"type\": \"metric\",\n            \"properties\": {\n                \"sparkline\": true,\n                \"view\": \"singleValue\",\n                \"metrics\": [\n                    [ { \"expression\": \"SELECT COUNT(NumberOfMessagesReceived) FROM SCHEMA(\\\"AWS/SQS\\\", QueueName)\", \"label\": \"Query1\", \"id\": \"q1\" } ]\n                ],\n                \"region\": \"eu-central-1\",\n                \"stat\": \"Average\",\n                \"period\": 300\n            }\n        }\n    ]\n}\n",
            "dashboard_name": "devops-test-dev--cloud-watch-dashboard",
            "id": "devops-test-dev--cloud-watch-dashboard"
          },
          "sensitive_attributes": [],
          "private": "bnVsbA=="
        }
      ]
    },
    {
      "mode": "managed",
      "type": "aws_cloudwatch_metric_alarm",
      "name": "devops-test-app-cloud-sqs-health-check",
      "provider": "provider[\"registry.terraform.io/hashicorp/aws\"]",
      "instances": [
        {
          "schema_version": 1,
          "attributes": {
            "actions_enabled": true,
            "alarm_actions": [],
            "alarm_description": "This metric monitors ec2 cpu utilization",
            "alarm_name": "devops-test-dev--cloud-watch-ec2-health-check",
            "arn": "arn:aws:cloudwatch:eu-central-1:184062889021:alarm:devops-test-dev--cloud-watch-ec2-health-check",
            "comparison_operator": "GreaterThanOrEqualToThreshold",
            "datapoints_to_alarm": 0,
            "dimensions": {},
            "evaluate_low_sample_count_percentiles": "",
            "evaluation_periods": 1,
            "extended_statistic": "",
            "id": "devops-test-dev--cloud-watch-ec2-health-check",
            "insufficient_data_actions": [],
            "metric_name": "ApproximateNumberOfMessagesVisible",
            "metric_query": [],
            "namespace": "AWS/SQS",
            "ok_actions": [],
            "period": 60,
            "statistic": "Average",
            "tags": {},
            "tags_all": {},
            "threshold": 5000,
            "threshold_metric_id": "",
            "treat_missing_data": "missing",
            "unit": ""
          },
          "sensitive_attributes": [],
          "private": "eyJzY2hlbWFfdmVyc2lvbiI6IjEifQ=="
        }
      ]
    },
    {
      "mode": "managed",
      "type": "aws_cloudwatch_metric_alarm",
      "name": "devops-test-app-cloud-watch-ec2-health-check",
      "provider": "provider[\"registry.terraform.io/hashicorp/aws\"]",
      "instances": [
        {
          "schema_version": 1,
          "attributes": {
            "actions_enabled": true,
            "alarm_actions": [],
            "alarm_description": "This metric monitors ec2 cpu utilization",
            "alarm_name": "devops-test-dev--cloud-watch-ec2-health-check",
            "arn": "arn:aws:cloudwatch:eu-central-1:184062889021:alarm:devops-test-dev--cloud-watch-ec2-health-check",
            "comparison_operator": "GreaterThanOrEqualToThreshold",
            "datapoints_to_alarm": 0,
            "dimensions": {},
            "evaluate_low_sample_count_percentiles": "",
            "evaluation_periods": 2,
            "extended_statistic": "",
            "id": "devops-test-dev--cloud-watch-ec2-health-check",
            "insufficient_data_actions": [],
            "metric_name": "CPUUtilization",
            "metric_query": [],
            "namespace": "AWS/EC2",
            "ok_actions": [],
            "period": 120,
            "statistic": "Average",
            "tags": {},
            "tags_all": {},
            "threshold": 80,
            "threshold_metric_id": "",
            "treat_missing_data": "missing",
            "unit": ""
          },
          "sensitive_attributes": [],
          "private": "eyJzY2hlbWFfdmVyc2lvbiI6IjEifQ=="
        }
      ]
    },
    {
      "mode": "managed",
      "type": "aws_cloudwatch_metric_alarm",
      "name": "devops-test-app-queue-system-alarm",
      "provider": "provider[\"registry.terraform.io/hashicorp/aws\"]",
      "instances": [
        {
          "schema_version": 1,
          "attributes": {
            "actions_enabled": true,
            "alarm_actions": [
              "arn:aws:autoscaling:eu-central-1:184062889021:scalingPolicy:87ec370f-5c1d-4368-8f9c-1347c022e7ed:autoScalingGroupName/dev--queue-worker-autoscaling-group:policyName/dev--queue-worker-scaling-up-policy"
            ],
            "alarm_description": "This metric monitors queue depth and scales up or down accordingly.",
            "alarm_name": "dev--devops-test-app-queue-system-alarm",
            "arn": "arn:aws:cloudwatch:eu-central-1:184062889021:alarm:dev--devops-test-app-queue-system-alarm",
            "comparison_operator": "GreaterThanOrEqualToThreshold",
            "datapoints_to_alarm": 0,
            "dimensions": {
              "AutoScalingGroupName": "dev--webserver-autoscaling-group",
              "QueueName": "dev--devops-test-queuing-system"
            },
            "evaluate_low_sample_count_percentiles": "",
            "evaluation_periods": 1,
            "extended_statistic": "",
            "id": "dev--devops-test-app-queue-system-alarm",
            "insufficient_data_actions": [],
            "metric_name": "ApproximateNumberOfMessagesVisible",
            "metric_query": [],
            "namespace": "AWS/SQS",
            "ok_actions": [
              "arn:aws:autoscaling:eu-central-1:184062889021:scalingPolicy:b6ff1b27-abce-493e-9553-cf8823a5cb86:autoScalingGroupName/dev--queue-worker-autoscaling-group:policyName/dev--queue-worker-scaling-down-policy"
            ],
            "period": 60,
            "statistic": "Average",
            "tags": {},
            "tags_all": {},
            "threshold": 5000,
            "threshold_metric_id": "",
            "treat_missing_data": "notBreaching",
            "unit": ""
          },
          "sensitive_attributes": [],
          "private": "eyJzY2hlbWFfdmVyc2lvbiI6IjEifQ==",
          "dependencies": [
            "aws_autoscaling_group.devops-test-app-webserver-autoscaling-group",
            "aws_autoscaling_group.devops-test-queue-worker-autoscaling-group",
            "aws_autoscaling_policy.devops-test-queue-worker-scaling-down-policy",
            "aws_autoscaling_policy.devops-test-queue-worker-scaling-up-policy",
            "aws_launch_template.devops-test-app-queue-worker-launch-template",
            "aws_launch_template.devops-test-app-webserver-launch-template",
            "aws_s3_bucket.devops-test-app-s3-bucket",
            "aws_security_group.devops-test-queue-worker-security-group",
            "aws_security_group.devops-test-web-server-security-group",
            "aws_sqs_queue.devops-test-queuing-system",
            "aws_subnet.devops-test-app-private-subnet",
            "aws_vpc.devops-test-app-vpc"
          ]
        }
      ]
    },
    {
      "mode": "managed",
      "type": "aws_dynamodb_table",
      "name": "devops-test-app-dynamodb-table",
      "provider": "provider[\"registry.terraform.io/hashicorp/aws\"]",
      "instances": [
        {
          "schema_version": 1,
          "attributes": {
            "arn": "arn:aws:dynamodb:eu-central-1:184062889021:table/dev-db-table",
            "attribute": [
              {
                "name": "UserId",
                "type": "S"
              },
              {
                "name": "UserName",
                "type": "S"
              },
              {
                "name": "Visits",
                "type": "N"
              }
            ],
            "billing_mode": "PAY_PER_REQUEST",
            "global_secondary_index": [
              {
                "hash_key": "UserName",
                "name": "UserNameIndex",
                "non_key_attributes": [
                  "UserId"
                ],
                "projection_type": "INCLUDE",
                "range_key": "Visits",
                "read_capacity": 0,
                "write_capacity": 0
              }
            ],
            "hash_key": "UserId",
            "id": "dev-db-table",
            "local_secondary_index": [],
            "name": "dev-db-table",
            "point_in_time_recovery": [
              {
                "enabled": false
              }
            ],
            "range_key": null,
            "read_capacity": 0,
            "replica": [],
            "restore_date_time": null,
            "restore_source_name": null,
            "restore_to_latest_time": null,
            "server_side_encryption": [],
            "stream_arn": "",
            "stream_enabled": false,
            "stream_label": "",
            "stream_view_type": "",
            "table_class": "",
            "tags": {
              "Environment": "development",
              "Name": "devops-test-dev--dynamodb-table"
            },
            "tags_all": {
              "Environment": "development",
              "Name": "devops-test-dev--dynamodb-table"
            },
            "timeouts": null,
            "ttl": [
              {
                "attribute_name": "",
                "enabled": false
              }
            ],
            "write_capacity": 0
          },
          "sensitive_attributes": [],
          "private": "eyJlMmJmYjczMC1lY2FhLTExZTYtOGY4OC0zNDM2M2JjN2M0YzAiOnsiY3JlYXRlIjoxODAwMDAwMDAwMDAwLCJkZWxldGUiOjYwMDAwMDAwMDAwMCwidXBkYXRlIjozNjAwMDAwMDAwMDAwfSwic2NoZW1hX3ZlcnNpb24iOiIxIn0="
        }
      ]
    },
    {
      "mode": "managed",
      "type": "aws_eip",
      "name": "devops-test-app-nat-eip",
      "provider": "provider[\"registry.terraform.io/hashicorp/aws\"]",
      "instances": [
        {
          "schema_version": 0,
          "attributes": {
            "address": null,
            "allocation_id": "eipalloc-0aeadef98dc58f86b",
            "associate_with_private_ip": null,
            "association_id": "eipassoc-05c4db883c3eeaaf7",
            "carrier_ip": "",
            "customer_owned_ip": "",
            "customer_owned_ipv4_pool": "",
            "domain": "vpc",
            "id": "eipalloc-0aeadef98dc58f86b",
            "instance": "",
            "network_border_group": "eu-central-1",
            "network_interface": "eni-0de29a13a431c5490",
            "private_dns": "ip-10-2-2-167.eu-central-1.compute.internal",
            "private_ip": "10.2.2.167",
            "public_dns": "ec2-18-193-245-175.eu-central-1.compute.amazonaws.com",
            "public_ip": "18.193.245.175",
            "public_ipv4_pool": "amazon",
            "tags": {
              "Environment": "development",
              "Name": "devops-test-dev--nat-eip"
            },
            "tags_all": {
              "Environment": "development",
              "Name": "devops-test-dev--nat-eip"
            },
            "timeouts": null,
            "vpc": true
          },
          "sensitive_attributes": [],
          "private": "eyJlMmJmYjczMC1lY2FhLTExZTYtOGY4OC0zNDM2M2JjN2M0YzAiOnsiZGVsZXRlIjoxODAwMDAwMDAwMDAsInJlYWQiOjkwMDAwMDAwMDAwMCwidXBkYXRlIjozMDAwMDAwMDAwMDB9fQ==",
          "dependencies": [
            "aws_internet_gateway.devops-test-app-igw",
            "aws_vpc.devops-test-app-vpc"
          ]
        }
      ]
    },
    {
      "mode": "managed",
      "type": "aws_iam_role",
      "name": "devops-test-app-transfer-server-iam-role",
      "provider": "provider[\"registry.terraform.io/hashicorp/aws\"]",
      "instances": [
        {
          "schema_version": 0,
          "attributes": {
            "arn": "arn:aws:iam::184062889021:role/devops-test-dev--transfer-server-iam-role",
            "assume_role_policy": "{\"Version\":\"2012-10-17\",\"Statement\":[{\"Effect\":\"Allow\",\"Principal\":{\"Service\":\"transfer.amazonaws.com\"},\"Action\":\"sts:AssumeRole\"}]}",
            "create_date": "2022-07-17T14:08:43Z",
            "description": "",
            "force_detach_policies": false,
            "id": "devops-test-dev--transfer-server-iam-role",
            "inline_policy": [
              {
                "name": "devops-test-dev--transfer-server-iam-role-policy",
                "policy": "{\n    \"Version\": \"2012-10-17\",\n    \"Statement\": [\n        {\n            \"Sid\": \"AllowFullAccesstoS3\",\n            \"Effect\": \"Allow\",\n            \"Action\": [\n                \"s3:*\"\n            ],\n            \"Resource\": \"*\"\n        }\n    ]\n}\n"
              }
            ],
            "managed_policy_arns": [],
            "max_session_duration": 3600,
            "name": "devops-test-dev--transfer-server-iam-role",
            "name_prefix": "",
            "path": "/",
            "permissions_boundary": null,
            "tags": {},
            "tags_all": {},
            "unique_id": "AROASVWYAZQ63PRSTK3YJ"
          },
          "sensitive_attributes": [],
          "private": "bnVsbA=="
        }
      ]
    },
    {
      "mode": "managed",
      "type": "aws_iam_role_policy",
      "name": "devops-test-app-transfer-server-iam-role-policy",
      "provider": "provider[\"registry.terraform.io/hashicorp/aws\"]",
      "instances": [
        {
          "schema_version": 0,
          "attributes": {
            "id": "devops-test-dev--transfer-server-iam-role:devops-test-dev--transfer-server-iam-role-policy",
            "name": "devops-test-dev--transfer-server-iam-role-policy",
            "name_prefix": null,
            "policy": "{\n    \"Version\": \"2012-10-17\",\n    \"Statement\": [\n        {\n            \"Sid\": \"AllowFullAccesstoS3\",\n            \"Effect\": \"Allow\",\n            \"Action\": [\n                \"s3:*\"\n            ],\n            \"Resource\": \"*\"\n        }\n    ]\n}\n",
            "role": "devops-test-dev--transfer-server-iam-role"
          },
          "sensitive_attributes": [],
          "private": "bnVsbA==",
          "dependencies": [
            "aws_iam_role.devops-test-app-transfer-server-iam-role"
          ]
        }
      ]
    },
    {
      "mode": "managed",
      "type": "aws_internet_gateway",
      "name": "devops-test-app-igw",
      "provider": "provider[\"registry.terraform.io/hashicorp/aws\"]",
      "instances": [
        {
          "schema_version": 0,
          "attributes": {
            "arn": "arn:aws:ec2:eu-central-1:184062889021:internet-gateway/igw-04aa5d6b0871e3112",
            "id": "igw-04aa5d6b0871e3112",
            "owner_id": "184062889021",
            "tags": {
              "Environment": "development",
              "Name": "devops-test-dev--igw"
            },
            "tags_all": {
              "Environment": "development",
              "Name": "devops-test-dev--igw"
            },
            "vpc_id": "vpc-02baf1da1e64cca7c"
          },
          "sensitive_attributes": [],
          "private": "bnVsbA==",
          "dependencies": [
            "aws_vpc.devops-test-app-vpc"
          ]
        }
      ]
    },
    {
      "mode": "managed",
      "type": "aws_launch_template",
      "name": "devops-test-app-queue-worker-launch-template",
      "provider": "provider[\"registry.terraform.io/hashicorp/aws\"]",
      "instances": [
        {
          "schema_version": 0,
          "attributes": {
            "arn": "arn:aws:ec2:eu-central-1:184062889021:launch-template/lt-05590edc13b981103",
            "block_device_mappings": [],
            "capacity_reservation_specification": [],
            "cpu_options": [],
            "credit_specification": [],
            "default_version": 1,
            "description": "",
            "disable_api_stop": false,
            "disable_api_termination": false,
            "ebs_optimized": "",
            "elastic_gpu_specifications": [],
            "elastic_inference_accelerator": [],
            "enclave_options": [],
            "hibernation_options": [],
            "iam_instance_profile": [],
            "id": "lt-05590edc13b981103",
            "image_id": "ami-0a1ee2fb28fe05df3",
            "instance_initiated_shutdown_behavior": "",
            "instance_market_options": [],
            "instance_requirements": [],
            "instance_type": "t2.micro",
            "kernel_id": "",
            "key_name": "",
            "latest_version": 1,
            "license_specification": [],
            "maintenance_options": [],
            "metadata_options": [],
            "monitoring": [
              {
                "enabled": true
              }
            ],
            "name": "terraform-20220717140843578200000005",
            "name_prefix": "terraform-",
            "network_interfaces": [
              {
                "associate_carrier_ip_address": "",
                "associate_public_ip_address": "false",
                "delete_on_termination": "",
                "description": "",
                "device_index": 0,
                "interface_type": "",
                "ipv4_address_count": 0,
                "ipv4_addresses": [],
                "ipv4_prefix_count": 0,
                "ipv4_prefixes": [],
                "ipv6_address_count": 0,
                "ipv6_addresses": [],
                "ipv6_prefix_count": 0,
                "ipv6_prefixes": [],
                "network_card_index": 0,
                "network_interface_id": "",
                "private_ip_address": "",
                "security_groups": [
                  "sg-05a06bf2ec71c5969"
                ],
                "subnet_id": "subnet-061187a968ec61460"
              }
            ],
            "placement": [],
            "private_dns_name_options": [],
            "ram_disk_id": "",
            "security_group_names": [],
            "tag_specifications": [],
            "tags": {
              "Environment": "development",
              "Name": "devops-test-dev--queue-worker"
            },
            "tags_all": {
              "Environment": "development",
              "Name": "devops-test-dev--queue-worker"
            },
            "update_default_version": null,
            "user_data": "",
            "vpc_security_group_ids": []
          },
          "sensitive_attributes": [],
          "private": "bnVsbA==",
          "dependencies": [
            "aws_security_group.devops-test-queue-worker-security-group",
            "aws_subnet.devops-test-app-private-subnet",
            "aws_vpc.devops-test-app-vpc"
          ]
        }
      ]
    },
    {
      "mode": "managed",
      "type": "aws_launch_template",
      "name": "devops-test-app-webserver-launch-template",
      "provider": "provider[\"registry.terraform.io/hashicorp/aws\"]",
      "instances": [
        {
          "schema_version": 0,
          "attributes": {
            "arn": "arn:aws:ec2:eu-central-1:184062889021:launch-template/lt-00753f1ec05576c02",
            "block_device_mappings": [],
            "capacity_reservation_specification": [],
            "cpu_options": [],
            "credit_specification": [],
            "default_version": 1,
            "description": "",
            "disable_api_stop": false,
            "disable_api_termination": false,
            "ebs_optimized": "",
            "elastic_gpu_specifications": [],
            "elastic_inference_accelerator": [],
            "enclave_options": [],
            "hibernation_options": [],
            "iam_instance_profile": [],
            "id": "lt-00753f1ec05576c02",
            "image_id": "ami-0a1ee2fb28fe05df3",
            "instance_initiated_shutdown_behavior": "",
            "instance_market_options": [],
            "instance_requirements": [],
            "instance_type": "t2.micro",
            "kernel_id": "",
            "key_name": "",
            "latest_version": 1,
            "license_specification": [],
            "maintenance_options": [],
            "metadata_options": [],
            "monitoring": [
              {
                "enabled": true
              }
            ],
            "name": "terraform-20220717140843710200000007",
            "name_prefix": "terraform-",
            "network_interfaces": [
              {
                "associate_carrier_ip_address": "",
                "associate_public_ip_address": "false",
                "delete_on_termination": "",
                "description": "",
                "device_index": 0,
                "interface_type": "",
                "ipv4_address_count": 0,
                "ipv4_addresses": [],
                "ipv4_prefix_count": 0,
                "ipv4_prefixes": [],
                "ipv6_address_count": 0,
                "ipv6_addresses": [],
                "ipv6_prefix_count": 0,
                "ipv6_prefixes": [],
                "network_card_index": 0,
                "network_interface_id": "",
                "private_ip_address": "",
                "security_groups": [
                  "sg-07785e798f1ebf9bf"
                ],
                "subnet_id": "subnet-061187a968ec61460"
              }
            ],
            "placement": [],
            "private_dns_name_options": [],
            "ram_disk_id": "",
            "security_group_names": [],
            "tag_specifications": [],
            "tags": {
              "Environment": "development",
              "Name": "devops-test-dev--webserver"
            },
            "tags_all": {
              "Environment": "development",
              "Name": "devops-test-dev--webserver"
            },
            "update_default_version": null,
            "user_data": "IyEvYmluL2Jhc2gKeXVtIHVwZGF0ZSAteQp5dW0gaW5zdGFsbCBodHRwZCAteQpzeXN0ZW1jdGwgc3RhcnQgaHR0cGQKc3lzdGVtY3RsIGVuYWJsZSBodHRwZApwZXJsIC1waSAtZSAncy9eIz9Qb3J0IDIyJC9Qb3J0IDEyMjAvJyAvZXRjL3NzaC9zc2hkX2NvbmZpZwpzZXJ2aWNlIHNzaGQgcmVzdGFydCB8fCBzZXJ2aWNlIHNzaCByZXN0YXJ0",
            "vpc_security_group_ids": []
          },
          "sensitive_attributes": [],
          "private": "bnVsbA==",
          "dependencies": [
            "aws_security_group.devops-test-web-server-security-group",
            "aws_subnet.devops-test-app-private-subnet",
            "aws_vpc.devops-test-app-vpc"
          ],
          "create_before_destroy": true
        }
      ]
    },
    {
      "mode": "managed",
      "type": "aws_lb",
      "name": "devops-test-app-public-lb",
      "provider": "provider[\"registry.terraform.io/hashicorp/aws\"]",
      "instances": [
        {
          "schema_version": 0,
          "attributes": {
            "access_logs": [
              {
                "bucket": "",
                "enabled": false,
                "prefix": ""
              }
            ],
            "arn": "arn:aws:elasticloadbalancing:eu-central-1:184062889021:loadbalancer/net/devops-test-dev--public-lb/660bf948901c2f7c",
            "arn_suffix": "net/devops-test-dev--public-lb/660bf948901c2f7c",
            "customer_owned_ipv4_pool": "",
            "desync_mitigation_mode": null,
            "dns_name": "devops-test-dev--public-lb-660bf948901c2f7c.elb.eu-central-1.amazonaws.com",
            "drop_invalid_header_fields": null,
            "enable_cross_zone_load_balancing": true,
            "enable_deletion_protection": false,
            "enable_http2": null,
            "enable_waf_fail_open": null,
            "id": "arn:aws:elasticloadbalancing:eu-central-1:184062889021:loadbalancer/net/devops-test-dev--public-lb/660bf948901c2f7c",
            "idle_timeout": null,
            "internal": false,
            "ip_address_type": "ipv4",
            "load_balancer_type": "network",
            "name": "devops-test-dev--public-lb",
            "name_prefix": null,
            "security_groups": [],
            "subnet_mapping": [
              {
                "allocation_id": "",
                "ipv6_address": "",
                "outpost_id": "",
                "private_ipv4_address": "",
                "subnet_id": "subnet-0c8483296f3657975"
              }
            ],
            "subnets": [
              "subnet-0c8483296f3657975"
            ],
            "tags": {
              "Environment": "development",
              "Name": "devops-test-dev--public-lb"
            },
            "tags_all": {
              "Environment": "development",
              "Name": "devops-test-dev--public-lb"
            },
            "timeouts": null,
            "vpc_id": "vpc-02baf1da1e64cca7c",
            "zone_id": "Z3F0SRJ5LGBH90"
          },
          "sensitive_attributes": [],
          "private": "eyJlMmJmYjczMC1lY2FhLTExZTYtOGY4OC0zNDM2M2JjN2M0YzAiOnsiY3JlYXRlIjo2MDAwMDAwMDAwMDAsImRlbGV0ZSI6NjAwMDAwMDAwMDAwLCJ1cGRhdGUiOjYwMDAwMDAwMDAwMH19",
          "dependencies": [
            "aws_subnet.devops-test-app-public-subnet",
            "aws_vpc.devops-test-app-vpc"
          ]
        }
      ]
    },
    {
      "mode": "managed",
      "type": "aws_lb_target_group",
      "name": "devops-test-app-webserver-lb-target-group",
      "provider": "provider[\"registry.terraform.io/hashicorp/aws\"]",
      "instances": [
        {
          "schema_version": 0,
          "attributes": {
            "arn": "arn:aws:elasticloadbalancing:eu-central-1:184062889021:targetgroup/dev--webserver-lb-target-group/ed5bdb6c92a65443",
            "arn_suffix": "targetgroup/dev--webserver-lb-target-group/ed5bdb6c92a65443",
            "connection_termination": false,
            "deregistration_delay": "300",
            "health_check": [
              {
                "enabled": true,
                "healthy_threshold": 3,
                "interval": 30,
                "matcher": "",
                "path": "",
                "port": "traffic-port",
                "protocol": "TCP",
                "timeout": 10,
                "unhealthy_threshold": 3
              }
            ],
            "id": "arn:aws:elasticloadbalancing:eu-central-1:184062889021:targetgroup/dev--webserver-lb-target-group/ed5bdb6c92a65443",
            "lambda_multi_value_headers_enabled": false,
            "load_balancing_algorithm_type": null,
            "name": "dev--webserver-lb-target-group",
            "name_prefix": null,
            "port": 80,
            "preserve_client_ip": "false",
            "protocol": "TCP",
            "protocol_version": null,
            "proxy_protocol_v2": false,
            "slow_start": 0,
            "stickiness": [
              {
                "cookie_duration": 0,
                "cookie_name": "",
                "enabled": false,
                "type": "source_ip"
              }
            ],
            "tags": {
              "Environment": "development",
              "Name": "devops-test-dev--webserver-lb-target-group"
            },
            "tags_all": {
              "Environment": "development",
              "Name": "devops-test-dev--webserver-lb-target-group"
            },
            "target_type": "ip",
            "vpc_id": "vpc-02baf1da1e64cca7c"
          },
          "sensitive_attributes": [],
          "private": "bnVsbA==",
          "dependencies": [
            "aws_vpc.devops-test-app-vpc"
          ]
        }
      ]
    },
    {
      "mode": "managed",
      "type": "aws_nat_gateway",
      "name": "devops-test-app-nat-gateway",
      "provider": "provider[\"registry.terraform.io/hashicorp/aws\"]",
      "instances": [
        {
          "schema_version": 0,
          "attributes": {
            "allocation_id": "eipalloc-0aeadef98dc58f86b",
            "connectivity_type": "public",
            "id": "nat-016f9496661d6fa2f",
            "network_interface_id": "eni-0de29a13a431c5490",
            "private_ip": "10.2.2.167",
            "public_ip": "18.193.245.175",
            "subnet_id": "subnet-0c8483296f3657975",
            "tags": {
              "Environment": "development",
              "Name": "devops-test-dev--nat-gateway"
            },
            "tags_all": {
              "Environment": "development",
              "Name": "devops-test-dev--nat-gateway"
            }
          },
          "sensitive_attributes": [],
          "private": "bnVsbA==",
          "dependencies": [
            "aws_eip.devops-test-app-nat-eip",
            "aws_internet_gateway.devops-test-app-igw",
            "aws_subnet.devops-test-app-public-subnet",
            "aws_vpc.devops-test-app-vpc"
          ]
        }
      ]
    },
    {
      "mode": "managed",
      "type": "aws_route_table",
      "name": "devops-test-app-private-route-table",
      "provider": "provider[\"registry.terraform.io/hashicorp/aws\"]",
      "instances": [
        {
          "schema_version": 0,
          "attributes": {
            "arn": "arn:aws:ec2:eu-central-1:184062889021:route-table/rtb-07d6064a8c7aaabe5",
            "id": "rtb-07d6064a8c7aaabe5",
            "owner_id": "184062889021",
            "propagating_vgws": [],
            "route": [
              {
                "carrier_gateway_id": "",
                "cidr_block": "0.0.0.0/0",
                "core_network_arn": "",
                "destination_prefix_list_id": "",
                "egress_only_gateway_id": "",
                "gateway_id": "",
                "instance_id": "",
                "ipv6_cidr_block": "",
                "local_gateway_id": "",
                "nat_gateway_id": "nat-016f9496661d6fa2f",
                "network_interface_id": "",
                "transit_gateway_id": "",
                "vpc_endpoint_id": "",
                "vpc_peering_connection_id": ""
              }
            ],
            "tags": {
              "Environment": "development",
              "Name": "devops-test-dev--backend-rt"
            },
            "tags_all": {
              "Environment": "development",
              "Name": "devops-test-dev--backend-rt"
            },
            "timeouts": null,
            "vpc_id": "vpc-02baf1da1e64cca7c"
          },
          "sensitive_attributes": [],
          "private": "eyJlMmJmYjczMC1lY2FhLTExZTYtOGY4OC0zNDM2M2JjN2M0YzAiOnsiY3JlYXRlIjozMDAwMDAwMDAwMDAsImRlbGV0ZSI6MzAwMDAwMDAwMDAwLCJ1cGRhdGUiOjEyMDAwMDAwMDAwMH19",
          "dependencies": [
            "aws_eip.devops-test-app-nat-eip",
            "aws_internet_gateway.devops-test-app-igw",
            "aws_nat_gateway.devops-test-app-nat-gateway",
            "aws_subnet.devops-test-app-public-subnet",
            "aws_vpc.devops-test-app-vpc"
          ]
        }
      ]
    },
    {
      "mode": "managed",
      "type": "aws_route_table",
      "name": "devops-test-app-public-route-table",
      "provider": "provider[\"registry.terraform.io/hashicorp/aws\"]",
      "instances": [
        {
          "schema_version": 0,
          "attributes": {
            "arn": "arn:aws:ec2:eu-central-1:184062889021:route-table/rtb-0178f10dd930baa75",
            "id": "rtb-0178f10dd930baa75",
            "owner_id": "184062889021",
            "propagating_vgws": [],
            "route": [
              {
                "carrier_gateway_id": "",
                "cidr_block": "0.0.0.0/0",
                "core_network_arn": "",
                "destination_prefix_list_id": "",
                "egress_only_gateway_id": "",
                "gateway_id": "igw-04aa5d6b0871e3112",
                "instance_id": "",
                "ipv6_cidr_block": "",
                "local_gateway_id": "",
                "nat_gateway_id": "",
                "network_interface_id": "",
                "transit_gateway_id": "",
                "vpc_endpoint_id": "",
                "vpc_peering_connection_id": ""
              }
            ],
            "tags": {
              "Environment": "development",
              "Name": "devops-test-dev--public-route-table"
            },
            "tags_all": {
              "Environment": "development",
              "Name": "devops-test-dev--public-route-table"
            },
            "timeouts": null,
            "vpc_id": "vpc-02baf1da1e64cca7c"
          },
          "sensitive_attributes": [],
          "private": "eyJlMmJmYjczMC1lY2FhLTExZTYtOGY4OC0zNDM2M2JjN2M0YzAiOnsiY3JlYXRlIjozMDAwMDAwMDAwMDAsImRlbGV0ZSI6MzAwMDAwMDAwMDAwLCJ1cGRhdGUiOjEyMDAwMDAwMDAwMH19",
          "dependencies": [
            "aws_internet_gateway.devops-test-app-igw",
            "aws_vpc.devops-test-app-vpc"
          ]
        }
      ]
    },
    {
      "mode": "managed",
      "type": "aws_route_table_association",
      "name": "devops-test-private-route-table-association",
      "provider": "provider[\"registry.terraform.io/hashicorp/aws\"]",
      "instances": [
        {
          "schema_version": 0,
          "attributes": {
            "gateway_id": "",
            "id": "rtbassoc-051b79f44704df10e",
            "route_table_id": "rtb-0178f10dd930baa75",
            "subnet_id": "subnet-0c8483296f3657975"
          },
          "sensitive_attributes": [],
          "private": "bnVsbA==",
          "dependencies": [
            "aws_internet_gateway.devops-test-app-igw",
            "aws_route_table.devops-test-app-public-route-table",
            "aws_subnet.devops-test-app-public-subnet",
            "aws_vpc.devops-test-app-vpc"
          ]
        }
      ]
    },
    {
      "mode": "managed",
      "type": "aws_route_table_association",
      "name": "devops-test-public-route-table-association",
      "provider": "provider[\"registry.terraform.io/hashicorp/aws\"]",
      "instances": [
        {
          "schema_version": 0,
          "attributes": {
            "gateway_id": "",
            "id": "rtbassoc-05a1d8a135c9a46f5",
            "route_table_id": "rtb-07d6064a8c7aaabe5",
            "subnet_id": "subnet-061187a968ec61460"
          },
          "sensitive_attributes": [],
          "private": "bnVsbA==",
          "dependencies": [
            "aws_eip.devops-test-app-nat-eip",
            "aws_internet_gateway.devops-test-app-igw",
            "aws_nat_gateway.devops-test-app-nat-gateway",
            "aws_route_table.devops-test-app-private-route-table",
            "aws_subnet.devops-test-app-private-subnet",
            "aws_subnet.devops-test-app-public-subnet",
            "aws_vpc.devops-test-app-vpc"
          ]
        }
      ]
    },
    {
      "mode": "managed",
      "type": "aws_s3_bucket",
      "name": "devops-test-app-s3-bucket",
      "provider": "provider[\"registry.terraform.io/hashicorp/aws\"]",
      "instances": [
        {
          "schema_version": 0,
          "attributes": {
            "acceleration_status": "",
            "acl": "private",
            "arn": "arn:aws:s3:::dev--app-s3-bucket",
            "bucket": "dev--app-s3-bucket",
            "bucket_domain_name": "dev--app-s3-bucket.s3.amazonaws.com",
            "bucket_prefix": null,
            "bucket_regional_domain_name": "dev--app-s3-bucket.s3.eu-central-1.amazonaws.com",
            "cors_rule": [],
            "force_destroy": false,
            "grant": [
              {
                "id": "872f49d7b9907a3d385236e902c02a48f3a3fc43efb97de8ec000ab35e28f566",
                "permissions": [
                  "FULL_CONTROL"
                ],
                "type": "CanonicalUser",
                "uri": ""
              }
            ],
            "hosted_zone_id": "Z21DNDUVLTQW6Q",
            "id": "dev--app-s3-bucket",
            "lifecycle_rule": [],
            "logging": [],
            "object_lock_configuration": [],
            "object_lock_enabled": false,
            "policy": "",
            "region": "eu-central-1",
            "replication_configuration": [],
            "request_payer": "BucketOwner",
            "server_side_encryption_configuration": [],
            "tags": {
              "Environment": "development",
              "Name": "devops-test-dev--s3-bucket"
            },
            "tags_all": {
              "Environment": "development",
              "Name": "devops-test-dev--s3-bucket"
            },
            "versioning": [
              {
                "enabled": false,
                "mfa_delete": false
              }
            ],
            "website": [],
            "website_domain": null,
            "website_endpoint": null
          },
          "sensitive_attributes": [],
          "private": "bnVsbA=="
        }
      ]
    },
    {
      "mode": "managed",
      "type": "aws_s3_bucket_notification",
      "name": "bucket_notification",
      "provider": "provider[\"registry.terraform.io/hashicorp/aws\"]",
      "instances": [
        {
          "schema_version": 0,
          "attributes": {
            "bucket": "dev--app-s3-bucket",
            "eventbridge": false,
            "id": "dev--app-s3-bucket",
            "lambda_function": [],
            "queue": [
              {
                "events": [
                  "s3:ObjectCreated:*"
                ],
                "filter_prefix": "",
                "filter_suffix": "",
                "id": "tf-s3-queue-20220717140907811100000009",
                "queue_arn": "arn:aws:sqs:eu-central-1:184062889021:dev--devops-test-queuing-system"
              }
            ],
            "topic": []
          },
          "sensitive_attributes": [],
          "private": "bnVsbA==",
          "dependencies": [
            "aws_s3_bucket.devops-test-app-s3-bucket",
            "aws_sqs_queue.devops-test-queuing-system"
          ]
        }
      ]
    },
    {
      "mode": "managed",
      "type": "aws_security_group",
      "name": "devops-test-app-transfer-server-sg",
      "provider": "provider[\"registry.terraform.io/hashicorp/aws\"]",
      "instances": [
        {
          "schema_version": 1,
          "attributes": {
            "arn": "arn:aws:ec2:eu-central-1:184062889021:security-group/sg-0005de7376fb271b3",
            "description": "sftp server security group",
            "egress": [
              {
                "cidr_blocks": [
                  "10.2.0.0/16"
                ],
                "description": "",
                "from_port": 0,
                "ipv6_cidr_blocks": [],
                "prefix_list_ids": [],
                "protocol": "-1",
                "security_groups": [],
                "self": false,
                "to_port": 0
              }
            ],
            "id": "sg-0005de7376fb271b3",
            "ingress": [
              {
                "cidr_blocks": [
                  "10.2.0.0/16"
                ],
                "description": "",
                "from_port": 22,
                "ipv6_cidr_blocks": [],
                "prefix_list_ids": [],
                "protocol": "tcp",
                "security_groups": [],
                "self": false,
                "to_port": 22
              }
            ],
            "name": "terraform-20220717140841678600000002",
            "name_prefix": "terraform-",
            "owner_id": "184062889021",
            "revoke_rules_on_delete": false,
            "tags": {
              "Environment": "development",
              "Name": "devops-test-dev--transfer-server-sg"
            },
            "tags_all": {
              "Environment": "development",
              "Name": "devops-test-dev--transfer-server-sg"
            },
            "timeouts": null,
            "vpc_id": "vpc-02baf1da1e64cca7c"
          },
          "sensitive_attributes": [],
          "private": "eyJlMmJmYjczMC1lY2FhLTExZTYtOGY4OC0zNDM2M2JjN2M0YzAiOnsiY3JlYXRlIjo2MDAwMDAwMDAwMDAsImRlbGV0ZSI6OTAwMDAwMDAwMDAwfSwic2NoZW1hX3ZlcnNpb24iOiIxIn0=",
          "dependencies": [
            "aws_vpc.devops-test-app-vpc"
          ]
        }
      ]
    },
    {
      "mode": "managed",
      "type": "aws_security_group",
      "name": "devops-test-queue-worker-security-group",
      "provider": "provider[\"registry.terraform.io/hashicorp/aws\"]",
      "instances": [
        {
          "schema_version": 1,
          "attributes": {
            "arn": "arn:aws:ec2:eu-central-1:184062889021:security-group/sg-05a06bf2ec71c5969",
            "description": "queue worker security group",
            "egress": [
              {
                "cidr_blocks": [
                  "10.2.0.0/16"
                ],
                "description": "",
                "from_port": 0,
                "ipv6_cidr_blocks": [],
                "prefix_list_ids": [],
                "protocol": "-1",
                "security_groups": [],
                "self": false,
                "to_port": 0
              }
            ],
            "id": "sg-05a06bf2ec71c5969",
            "ingress": [],
            "name": "terraform-20220717140841676200000001",
            "name_prefix": "terraform-",
            "owner_id": "184062889021",
            "revoke_rules_on_delete": false,
            "tags": {
              "Environment": "development",
              "Name": "devops-test-dev--web-queue-worker-security-group"
            },
            "tags_all": {
              "Environment": "development",
              "Name": "devops-test-dev--web-queue-worker-security-group"
            },
            "timeouts": null,
            "vpc_id": "vpc-02baf1da1e64cca7c"
          },
          "sensitive_attributes": [],
          "private": "eyJlMmJmYjczMC1lY2FhLTExZTYtOGY4OC0zNDM2M2JjN2M0YzAiOnsiY3JlYXRlIjo2MDAwMDAwMDAwMDAsImRlbGV0ZSI6OTAwMDAwMDAwMDAwfSwic2NoZW1hX3ZlcnNpb24iOiIxIn0=",
          "dependencies": [
            "aws_vpc.devops-test-app-vpc"
          ]
        }
      ]
    },
    {
      "mode": "managed",
      "type": "aws_security_group",
      "name": "devops-test-web-server-security-group",
      "provider": "provider[\"registry.terraform.io/hashicorp/aws\"]",
      "instances": [
        {
          "schema_version": 1,
          "attributes": {
            "arn": "arn:aws:ec2:eu-central-1:184062889021:security-group/sg-07785e798f1ebf9bf",
            "description": "Web server security group",
            "egress": [
              {
                "cidr_blocks": [
                  "0.0.0.0/0"
                ],
                "description": "",
                "from_port": 0,
                "ipv6_cidr_blocks": [],
                "prefix_list_ids": [],
                "protocol": "-1",
                "security_groups": [],
                "self": false,
                "to_port": 0
              }
            ],
            "id": "sg-07785e798f1ebf9bf",
            "ingress": [
              {
                "cidr_blocks": [
                  "10.2.0.0/16"
                ],
                "description": "",
                "from_port": 22,
                "ipv6_cidr_blocks": [],
                "prefix_list_ids": [],
                "protocol": "tcp",
                "security_groups": [],
                "self": false,
                "to_port": 22
              },
              {
                "cidr_blocks": [
                  "10.2.0.0/16"
                ],
                "description": "",
                "from_port": 443,
                "ipv6_cidr_blocks": [],
                "prefix_list_ids": [],
                "protocol": "tcp",
                "security_groups": [],
                "self": false,
                "to_port": 443
              },
              {
                "cidr_blocks": [
                  "10.2.0.0/16"
                ],
                "description": "",
                "from_port": 80,
                "ipv6_cidr_blocks": [],
                "prefix_list_ids": [],
                "protocol": "tcp",
                "security_groups": [],
                "self": false,
                "to_port": 80
              }
            ],
            "name": "terraform-20220717140841684600000003",
            "name_prefix": "terraform-",
            "owner_id": "184062889021",
            "revoke_rules_on_delete": false,
            "tags": {
              "Environment": "development",
              "Name": "devops-test-dev--web-server-security-group"
            },
            "tags_all": {
              "Environment": "development",
              "Name": "devops-test-dev--web-server-security-group"
            },
            "timeouts": null,
            "vpc_id": "vpc-02baf1da1e64cca7c"
          },
          "sensitive_attributes": [],
          "private": "eyJlMmJmYjczMC1lY2FhLTExZTYtOGY4OC0zNDM2M2JjN2M0YzAiOnsiY3JlYXRlIjo2MDAwMDAwMDAwMDAsImRlbGV0ZSI6OTAwMDAwMDAwMDAwfSwic2NoZW1hX3ZlcnNpb24iOiIxIn0=",
          "dependencies": [
            "aws_vpc.devops-test-app-vpc"
          ],
          "create_before_destroy": true
        }
      ]
    },
    {
      "mode": "managed",
      "type": "aws_sqs_queue",
      "name": "devops-test-queuing-system",
      "provider": "provider[\"registry.terraform.io/hashicorp/aws\"]",
      "instances": [
        {
          "schema_version": 0,
          "attributes": {
            "arn": "arn:aws:sqs:eu-central-1:184062889021:dev--devops-test-queuing-system",
            "content_based_deduplication": false,
            "deduplication_scope": "",
            "delay_seconds": 0,
            "fifo_queue": false,
            "fifo_throughput_limit": "",
            "id": "https://sqs.eu-central-1.amazonaws.com/184062889021/dev--devops-test-queuing-system",
            "kms_data_key_reuse_period_seconds": 300,
            "kms_master_key_id": "",
            "max_message_size": 262144,
            "message_retention_seconds": 345600,
            "name": "dev--devops-test-queuing-system",
            "name_prefix": "",
            "policy": "{\"Version\":\"2012-10-17\",\"Statement\":[{\"Effect\":\"Allow\",\"Principal\":\"*\",\"Action\":\"sqs:SendMessage\",\"Resource\":\"arn:aws:sqs:*:*:dev--devops-test-queuing-system\",\"Condition\":{\"ArnEquals\":{\"aws:SourceArn\":\"arn:aws:s3:::dev--app-s3-bucket\"}}}]}",
            "receive_wait_time_seconds": 0,
            "redrive_allow_policy": "",
            "redrive_policy": "",
            "sqs_managed_sse_enabled": false,
            "tags": {
              "Environment": "development",
              "Name": "devops-test-dev--queuing-system"
            },
            "tags_all": {
              "Environment": "development",
              "Name": "devops-test-dev--queuing-system"
            },
            "url": "https://sqs.eu-central-1.amazonaws.com/184062889021/dev--devops-test-queuing-system",
            "visibility_timeout_seconds": 30
          },
          "sensitive_attributes": [],
          "private": "bnVsbA==",
          "dependencies": [
            "aws_s3_bucket.devops-test-app-s3-bucket"
          ]
        }
      ]
    },
    {
      "mode": "managed",
      "type": "aws_subnet",
      "name": "devops-test-app-private-subnet",
      "provider": "provider[\"registry.terraform.io/hashicorp/aws\"]",
      "instances": [
        {
          "schema_version": 1,
          "attributes": {
            "arn": "arn:aws:ec2:eu-central-1:184062889021:subnet/subnet-061187a968ec61460",
            "assign_ipv6_address_on_creation": false,
            "availability_zone": "eu-central-1c",
            "availability_zone_id": "euc1-az1",
            "cidr_block": "10.2.1.0/24",
            "customer_owned_ipv4_pool": "",
            "enable_dns64": false,
            "enable_resource_name_dns_a_record_on_launch": false,
            "enable_resource_name_dns_aaaa_record_on_launch": false,
            "id": "subnet-061187a968ec61460",
            "ipv6_cidr_block": "",
            "ipv6_cidr_block_association_id": "",
            "ipv6_native": false,
            "map_customer_owned_ip_on_launch": false,
            "map_public_ip_on_launch": false,
            "outpost_arn": "",
            "owner_id": "184062889021",
            "private_dns_hostname_type_on_launch": "ip-name",
            "tags": {
              "Environment": "development",
              "Name": "devops-test-dev--private-subnet"
            },
            "tags_all": {
              "Environment": "development",
              "Name": "devops-test-dev--private-subnet"
            },
            "timeouts": null,
            "vpc_id": "vpc-02baf1da1e64cca7c"
          },
          "sensitive_attributes": [],
          "private": "eyJlMmJmYjczMC1lY2FhLTExZTYtOGY4OC0zNDM2M2JjN2M0YzAiOnsiY3JlYXRlIjo2MDAwMDAwMDAwMDAsImRlbGV0ZSI6MTIwMDAwMDAwMDAwMH0sInNjaGVtYV92ZXJzaW9uIjoiMSJ9",
          "dependencies": [
            "aws_vpc.devops-test-app-vpc"
          ],
          "create_before_destroy": true
        }
      ]
    },
    {
      "mode": "managed",
      "type": "aws_subnet",
      "name": "devops-test-app-public-subnet",
      "provider": "provider[\"registry.terraform.io/hashicorp/aws\"]",
      "instances": [
        {
          "schema_version": 1,
          "attributes": {
            "arn": "arn:aws:ec2:eu-central-1:184062889021:subnet/subnet-0c8483296f3657975",
            "assign_ipv6_address_on_creation": false,
            "availability_zone": "eu-central-1b",
            "availability_zone_id": "euc1-az3",
            "cidr_block": "10.2.2.0/24",
            "customer_owned_ipv4_pool": "",
            "enable_dns64": false,
            "enable_resource_name_dns_a_record_on_launch": false,
            "enable_resource_name_dns_aaaa_record_on_launch": false,
            "id": "subnet-0c8483296f3657975",
            "ipv6_cidr_block": "",
            "ipv6_cidr_block_association_id": "",
            "ipv6_native": false,
            "map_customer_owned_ip_on_launch": false,
            "map_public_ip_on_launch": true,
            "outpost_arn": "",
            "owner_id": "184062889021",
            "private_dns_hostname_type_on_launch": "ip-name",
            "tags": {
              "Environment": "development",
              "Name": "devops-test-dev--public-subnet"
            },
            "tags_all": {
              "Environment": "development",
              "Name": "devops-test-dev--public-subnet"
            },
            "timeouts": null,
            "vpc_id": "vpc-02baf1da1e64cca7c"
          },
          "sensitive_attributes": [],
          "private": "eyJlMmJmYjczMC1lY2FhLTExZTYtOGY4OC0zNDM2M2JjN2M0YzAiOnsiY3JlYXRlIjo2MDAwMDAwMDAwMDAsImRlbGV0ZSI6MTIwMDAwMDAwMDAwMH0sInNjaGVtYV92ZXJzaW9uIjoiMSJ9",
          "dependencies": [
            "aws_vpc.devops-test-app-vpc"
          ]
        }
      ]
    },
    {
      "mode": "managed",
      "type": "aws_transfer_server",
      "name": "devops-test-app-transfer-server",
      "provider": "provider[\"registry.terraform.io/hashicorp/aws\"]",
      "instances": [
        {
          "schema_version": 0,
          "attributes": {
            "arn": "arn:aws:transfer:eu-central-1:184062889021:server/s-53b8b9ac208f4fbd8",
            "certificate": "",
            "directory_id": "",
            "domain": "S3",
            "endpoint": "s-53b8b9ac208f4fbd8.server.transfer.eu-central-1.amazonaws.com",
            "endpoint_details": [
              {
                "address_allocation_ids": [],
                "security_group_ids": [
                  "sg-0005de7376fb271b3"
                ],
                "subnet_ids": [
                  "subnet-061187a968ec61460"
                ],
                "vpc_endpoint_id": "vpce-08a57a925667789a1",
                "vpc_id": "vpc-02baf1da1e64cca7c"
              }
            ],
            "endpoint_type": "VPC",
            "force_destroy": false,
            "function": "",
            "host_key": null,
            "host_key_fingerprint": "SHA256:27JwyG60VdEvj/2t9TBkB3k3AZxs/k1kxBmOVr+nNgM=",
            "id": "s-53b8b9ac208f4fbd8",
            "identity_provider_type": "SERVICE_MANAGED",
            "invocation_role": "",
            "logging_role": "",
            "post_authentication_login_banner": "",
            "pre_authentication_login_banner": "",
            "protocols": [
              "SFTP"
            ],
            "security_policy_name": "TransferSecurityPolicy-2018-11",
            "tags": {
              "Environment": "development",
              "Name": "devops-test-dev--transfer-server"
            },
            "tags_all": {
              "Environment": "development",
              "Name": "devops-test-dev--transfer-server"
            },
            "url": "",
            "workflow_details": []
          },
          "sensitive_attributes": [],
          "private": "bnVsbA==",
          "dependencies": [
            "aws_security_group.devops-test-app-transfer-server-sg",
            "aws_subnet.devops-test-app-private-subnet",
            "aws_vpc.devops-test-app-vpc"
          ]
        }
      ]
    },
    {
      "mode": "managed",
      "type": "aws_transfer_user",
      "name": "devops-test-app-transfer-user",
      "provider": "provider[\"registry.terraform.io/hashicorp/aws\"]",
      "instances": [
        {
          "schema_version": 0,
          "attributes": {
            "arn": "arn:aws:transfer:eu-central-1:184062889021:user/s-53b8b9ac208f4fbd8/devops-test-dev--transfer-user",
            "home_directory": "",
            "home_directory_mappings": [
              {
                "entry": "/dev--app-s3-bucket/devops-test-dev--transfer-user",
                "target": "/dev--app-s3-bucket/devops-test-dev--transfer-user"
              }
            ],
            "home_directory_type": "LOGICAL",
            "id": "s-53b8b9ac208f4fbd8/devops-test-dev--transfer-user",
            "policy": "",
            "posix_profile": [],
            "role": "arn:aws:iam::184062889021:role/devops-test-dev--transfer-server-iam-role",
            "server_id": "s-53b8b9ac208f4fbd8",
            "tags": {},
            "tags_all": {},
            "user_name": "devops-test-dev--transfer-user"
          },
          "sensitive_attributes": [],
          "private": "bnVsbA==",
          "dependencies": [
            "aws_iam_role.devops-test-app-transfer-server-iam-role",
            "aws_s3_bucket.devops-test-app-s3-bucket",
            "aws_security_group.devops-test-app-transfer-server-sg",
            "aws_subnet.devops-test-app-private-subnet",
            "aws_transfer_server.devops-test-app-transfer-server",
            "aws_vpc.devops-test-app-vpc"
          ]
        }
      ]
    },
    {
      "mode": "managed",
      "type": "aws_vpc",
      "name": "devops-test-app-vpc",
      "provider": "provider[\"registry.terraform.io/hashicorp/aws\"]",
      "instances": [
        {
          "schema_version": 1,
          "attributes": {
            "arn": "arn:aws:ec2:eu-central-1:184062889021:vpc/vpc-02baf1da1e64cca7c",
            "assign_generated_ipv6_cidr_block": false,
            "cidr_block": "10.2.0.0/16",
            "default_network_acl_id": "acl-06a44b68ef2e0bce0",
            "default_route_table_id": "rtb-01452ffc1d83adb88",
            "default_security_group_id": "sg-07212dd3a2d73c64a",
            "dhcp_options_id": "dopt-1538bf7f",
            "enable_classiclink": false,
            "enable_classiclink_dns_support": false,
            "enable_dns_hostnames": false,
            "enable_dns_support": true,
            "id": "vpc-02baf1da1e64cca7c",
            "instance_tenancy": "default",
            "ipv4_ipam_pool_id": null,
            "ipv4_netmask_length": null,
            "ipv6_association_id": "",
            "ipv6_cidr_block": "",
            "ipv6_cidr_block_network_border_group": "",
            "ipv6_ipam_pool_id": "",
            "ipv6_netmask_length": 0,
            "main_route_table_id": "rtb-01452ffc1d83adb88",
            "owner_id": "184062889021",
            "tags": {
              "Environment": "development",
              "Name": "devops-test-dev--vpc"
            },
            "tags_all": {
              "Environment": "development",
              "Name": "devops-test-dev--vpc"
            }
          },
          "sensitive_attributes": [],
          "private": "eyJzY2hlbWFfdmVyc2lvbiI6IjEifQ==",
          "create_before_destroy": true
        }
      ]
    }
  ]
}
