{
  "version": 4,
  "terraform_version": "1.2.5",
  "serial": 57,
  "lineage": "27611d9f-f7e4-743d-7f21-22bc4a5dc95e",
  "outputs": {},
  "resources": [
    {
      "mode": "managed",
      "type": "aws_autoscaling_group",
      "name": "devops-test-app-webserver-autoscaling-group",
      "provider": "provider[\"registry.terraform.io/hashicorp/aws\"]",
      "instances": [
        {
          "schema_version": 0,
          "attributes": {
            "arn": "arn:aws:autoscaling:eu-central-1:184062889021:autoScalingGroup:c49e0c0b-f631-4ca5-bea9-efc82362b2c1:autoScalingGroupName/development-webserver-autoscaling-group",
            "availability_zones": [
              "eu-central-1b"
            ],
            "capacity_rebalance": false,
            "context": "",
            "default_cooldown": 300,
            "default_instance_warmup": 0,
            "desired_capacity": 1,
            "enabled_metrics": [],
            "force_delete": true,
            "force_delete_warm_pool": false,
            "health_check_grace_period": 100,
            "health_check_type": "ELB",
            "id": "development-webserver-autoscaling-group",
            "initial_lifecycle_hook": [],
            "instance_refresh": [],
            "launch_configuration": "",
            "launch_template": [
              {
                "id": "lt-04933c1341eaadbc0",
                "name": "terraform-20220715194514337500000006",
                "version": ""
              }
            ],
            "load_balancers": [],
            "max_instance_lifetime": 0,
            "max_size": 10,
            "metrics_granularity": "1Minute",
            "min_elb_capacity": null,
            "min_size": 1,
            "mixed_instances_policy": [],
            "name": "development-webserver-autoscaling-group",
            "name_prefix": "",
            "placement_group": "",
            "protect_from_scale_in": false,
            "service_linked_role_arn": "arn:aws:iam::184062889021:role/aws-service-role/autoscaling.amazonaws.com/AWSServiceRoleForAutoScaling",
            "suspended_processes": [],
            "tag": [],
            "tags": null,
            "target_group_arns": [],
            "termination_policies": [],
            "timeouts": null,
            "vpc_zone_identifier": [
              "subnet-0cd94389f87cda1ed"
            ],
            "wait_for_capacity_timeout": "10m",
            "wait_for_elb_capacity": null,
            "warm_pool": []
          },
          "sensitive_attributes": [],
          "private": "eyJlMmJmYjczMC1lY2FhLTExZTYtOGY4OC0zNDM2M2JjN2M0YzAiOnsiZGVsZXRlIjo2MDAwMDAwMDAwMDAsInVwZGF0ZSI6NjAwMDAwMDAwMDAwfX0=",
          "dependencies": [
            "aws_launch_template.devops-test-app-webserver-launch-template",
            "aws_security_group.devops-test-web-server-security-group",
            "aws_subnet.devops-test-app-public-subnet",
            "aws_vpc.devops-test-app-vpc"
          ],
          "create_before_destroy": true
        }
      ]
    },
    {
      "mode": "managed",
      "type": "aws_autoscaling_group",
      "name": "devops-test-queue-worker-autoscaling-group",
      "provider": "provider[\"registry.terraform.io/hashicorp/aws\"]",
      "instances": [
        {
          "schema_version": 0,
          "attributes": {
            "arn": "arn:aws:autoscaling:eu-central-1:184062889021:autoScalingGroup:7fcfeb7d-f546-4a63-ae88-54cca88494c3:autoScalingGroupName/development-queue-worker-autoscaling-group",
            "availability_zones": [
              "eu-central-1b"
            ],
            "capacity_rebalance": true,
            "context": "",
            "default_cooldown": 300,
            "default_instance_warmup": 0,
            "desired_capacity": 1,
            "enabled_metrics": [],
            "force_delete": false,
            "force_delete_warm_pool": false,
            "health_check_grace_period": 300,
            "health_check_type": "EC2",
            "id": "development-queue-worker-autoscaling-group",
            "initial_lifecycle_hook": [],
            "instance_refresh": [],
            "launch_configuration": "",
            "launch_template": [],
            "load_balancers": [],
            "max_instance_lifetime": 0,
            "max_size": 100,
            "metrics_granularity": "1Minute",
            "min_elb_capacity": null,
            "min_size": 0,
            "mixed_instances_policy": [
              {
                "instances_distribution": [
                  {
                    "on_demand_allocation_strategy": "prioritized",
                    "on_demand_base_capacity": 0,
                    "on_demand_percentage_above_base_capacity": 25,
                    "spot_allocation_strategy": "capacity-optimized",
                    "spot_instance_pools": 0,
                    "spot_max_price": ""
                  }
                ],
                "launch_template": [
                  {
                    "launch_template_specification": [
                      {
                        "launch_template_id": "lt-0730eda3ba5ad3783",
                        "launch_template_name": "terraform-20220715194505585400000004",
                        "version": "$Default"
                      }
                    ],
                    "override": []
                  }
                ]
              }
            ],
            "name": "development-queue-worker-autoscaling-group",
            "name_prefix": "",
            "placement_group": "",
            "protect_from_scale_in": false,
            "service_linked_role_arn": "arn:aws:iam::184062889021:role/aws-service-role/autoscaling.amazonaws.com/AWSServiceRoleForAutoScaling",
            "suspended_processes": [],
            "tag": [],
            "tags": null,
            "target_group_arns": [],
            "termination_policies": [],
            "timeouts": null,
            "vpc_zone_identifier": [
              "subnet-07315bdd1e99a0628"
            ],
            "wait_for_capacity_timeout": "10m",
            "wait_for_elb_capacity": null,
            "warm_pool": []
          },
          "sensitive_attributes": [],
          "private": "eyJlMmJmYjczMC1lY2FhLTExZTYtOGY4OC0zNDM2M2JjN2M0YzAiOnsiZGVsZXRlIjo2MDAwMDAwMDAwMDAsInVwZGF0ZSI6NjAwMDAwMDAwMDAwfX0=",
          "dependencies": [
            "aws_launch_template.devops-test-app-queue-worker-launch-template",
            "aws_security_group.devops-test-queue-worker-security-group",
            "aws_subnet.devops-test-app-private-subnet",
            "aws_vpc.devops-test-app-vpc"
          ]
        }
      ]
    },
    {
      "mode": "managed",
      "type": "aws_autoscaling_policy",
      "name": "devops-test-app-webserver-scaling-policy",
      "provider": "provider[\"registry.terraform.io/hashicorp/aws\"]",
      "instances": [
        {
          "schema_version": 0,
          "attributes": {
            "adjustment_type": "ChangeInCapacity",
            "arn": "arn:aws:autoscaling:eu-central-1:184062889021:scalingPolicy:9e88ff75-ac89-4a7e-9f90-ec8d5b6c3edc:autoScalingGroupName/development-webserver-autoscaling-group:policyName/development-webserver-scaling-policy",
            "autoscaling_group_name": "development-webserver-autoscaling-group",
            "cooldown": 100,
            "enabled": true,
            "estimated_instance_warmup": 0,
            "id": "development-webserver-scaling-policy",
            "metric_aggregation_type": "",
            "min_adjustment_magnitude": null,
            "name": "development-webserver-scaling-policy",
            "policy_type": "SimpleScaling",
            "predictive_scaling_configuration": [],
            "scaling_adjustment": 3,
            "step_adjustment": [],
            "target_tracking_configuration": []
          },
          "sensitive_attributes": [],
          "private": "bnVsbA==",
          "dependencies": [
            "aws_autoscaling_group.devops-test-app-webserver-autoscaling-group",
            "aws_launch_template.devops-test-app-webserver-launch-template",
            "aws_security_group.devops-test-web-server-security-group",
            "aws_subnet.devops-test-app-public-subnet",
            "aws_vpc.devops-test-app-vpc"
          ]
        }
      ]
    },
    {
      "mode": "managed",
      "type": "aws_autoscaling_policy",
      "name": "devops-test-queue-worker-scaling-down-policy",
      "provider": "provider[\"registry.terraform.io/hashicorp/aws\"]",
      "instances": [
        {
          "schema_version": 0,
          "attributes": {
            "adjustment_type": "ChangeInCapacity",
            "arn": "arn:aws:autoscaling:eu-central-1:184062889021:scalingPolicy:9c9932a3-46ac-4700-8444-dc131c10e055:autoScalingGroupName/development-queue-worker-autoscaling-group:policyName/development-queue-worker-scaling-down-policy",
            "autoscaling_group_name": "development-queue-worker-autoscaling-group",
            "cooldown": 100,
            "enabled": true,
            "estimated_instance_warmup": 0,
            "id": "development-queue-worker-scaling-down-policy",
            "metric_aggregation_type": "",
            "min_adjustment_magnitude": null,
            "name": "development-queue-worker-scaling-down-policy",
            "policy_type": "SimpleScaling",
            "predictive_scaling_configuration": [],
            "scaling_adjustment": -3,
            "step_adjustment": [],
            "target_tracking_configuration": []
          },
          "sensitive_attributes": [],
          "private": "bnVsbA==",
          "dependencies": [
            "aws_autoscaling_group.devops-test-queue-worker-autoscaling-group",
            "aws_launch_template.devops-test-app-queue-worker-launch-template",
            "aws_security_group.devops-test-queue-worker-security-group",
            "aws_subnet.devops-test-app-private-subnet",
            "aws_vpc.devops-test-app-vpc"
          ]
        }
      ]
    },
    {
      "mode": "managed",
      "type": "aws_autoscaling_policy",
      "name": "devops-test-queue-worker-scaling-up-policy",
      "provider": "provider[\"registry.terraform.io/hashicorp/aws\"]",
      "instances": [
        {
          "schema_version": 0,
          "attributes": {
            "adjustment_type": "ChangeInCapacity",
            "arn": "arn:aws:autoscaling:eu-central-1:184062889021:scalingPolicy:5f3d7d46-106a-4264-b34f-a94722f5ac9f:autoScalingGroupName/development-queue-worker-autoscaling-group:policyName/development-queue-worker-scaling-up-policy",
            "autoscaling_group_name": "development-queue-worker-autoscaling-group",
            "cooldown": 100,
            "enabled": true,
            "estimated_instance_warmup": 0,
            "id": "development-queue-worker-scaling-up-policy",
            "metric_aggregation_type": "",
            "min_adjustment_magnitude": null,
            "name": "development-queue-worker-scaling-up-policy",
            "policy_type": "SimpleScaling",
            "predictive_scaling_configuration": [],
            "scaling_adjustment": 3,
            "step_adjustment": [],
            "target_tracking_configuration": []
          },
          "sensitive_attributes": [],
          "private": "bnVsbA==",
          "dependencies": [
            "aws_autoscaling_group.devops-test-queue-worker-autoscaling-group",
            "aws_launch_template.devops-test-app-queue-worker-launch-template",
            "aws_security_group.devops-test-queue-worker-security-group",
            "aws_subnet.devops-test-app-private-subnet",
            "aws_vpc.devops-test-app-vpc"
          ]
        }
      ]
    },
    {
      "mode": "managed",
      "type": "aws_cloudwatch_metric_alarm",
      "name": "devops-test-app-queue-system-alarm",
      "provider": "provider[\"registry.terraform.io/hashicorp/aws\"]",
      "instances": [
        {
          "schema_version": 1,
          "attributes": {
            "actions_enabled": true,
            "alarm_actions": [
              "arn:aws:autoscaling:eu-central-1:184062889021:scalingPolicy:5f3d7d46-106a-4264-b34f-a94722f5ac9f:autoScalingGroupName/development-queue-worker-autoscaling-group:policyName/development-queue-worker-scaling-up-policy"
            ],
            "alarm_description": "This metric monitors queue depth and scales up or down accordingly.",
            "alarm_name": "development-devops-test-app-queue-system-alarm",
            "arn": "arn:aws:cloudwatch:eu-central-1:184062889021:alarm:development-devops-test-app-queue-system-alarm",
            "comparison_operator": "GreaterThanOrEqualToThreshold",
            "datapoints_to_alarm": 0,
            "dimensions": {
              "AutoScalingGroupName": "development-webserver-autoscaling-group",
              "QueueName": "development-devops-test-queuing-system"
            },
            "evaluate_low_sample_count_percentiles": "",
            "evaluation_periods": 1,
            "extended_statistic": "",
            "id": "development-devops-test-app-queue-system-alarm",
            "insufficient_data_actions": [],
            "metric_name": "ApproximateNumberOfMessagesVisible",
            "metric_query": [],
            "namespace": "AWS/SQS",
            "ok_actions": [
              "arn:aws:autoscaling:eu-central-1:184062889021:scalingPolicy:9c9932a3-46ac-4700-8444-dc131c10e055:autoScalingGroupName/development-queue-worker-autoscaling-group:policyName/development-queue-worker-scaling-down-policy"
            ],
            "period": 60,
            "statistic": "Average",
            "tags": {},
            "tags_all": {},
            "threshold": 5000,
            "threshold_metric_id": "",
            "treat_missing_data": "notBreaching",
            "unit": ""
          },
          "sensitive_attributes": [],
          "private": "eyJzY2hlbWFfdmVyc2lvbiI6IjEifQ==",
          "dependencies": [
            "aws_autoscaling_group.devops-test-app-webserver-autoscaling-group",
            "aws_autoscaling_group.devops-test-queue-worker-autoscaling-group",
            "aws_autoscaling_policy.devops-test-queue-worker-scaling-down-policy",
            "aws_autoscaling_policy.devops-test-queue-worker-scaling-up-policy",
            "aws_launch_template.devops-test-app-queue-worker-launch-template",
            "aws_launch_template.devops-test-app-webserver-launch-template",
            "aws_s3_bucket.devops-test-app-s3-bucket",
            "aws_security_group.devops-test-queue-worker-security-group",
            "aws_security_group.devops-test-web-server-security-group",
            "aws_sqs_queue.devops-test-queuing-system",
            "aws_subnet.devops-test-app-private-subnet",
            "aws_subnet.devops-test-app-public-subnet",
            "aws_vpc.devops-test-app-vpc"
          ]
        }
      ]
    },
    {
      "mode": "managed",
      "type": "aws_dynamodb_table",
      "name": "devops-test-app-dynamodb-table",
      "provider": "provider[\"registry.terraform.io/hashicorp/aws\"]",
      "instances": [
        {
          "schema_version": 1,
          "attributes": {
            "arn": "arn:aws:dynamodb:eu-central-1:184062889021:table/devops-test-app-database-table",
            "attribute": [
              {
                "name": "UserId",
                "type": "S"
              },
              {
                "name": "UserName",
                "type": "S"
              },
              {
                "name": "Visits",
                "type": "N"
              }
            ],
            "billing_mode": "PAY_PER_REQUEST",
            "global_secondary_index": [
              {
                "hash_key": "UserName",
                "name": "UserNameIndex",
                "non_key_attributes": [
                  "UserId"
                ],
                "projection_type": "INCLUDE",
                "range_key": "Visits",
                "read_capacity": 0,
                "write_capacity": 0
              }
            ],
            "hash_key": "UserId",
            "id": "devops-test-app-database-table",
            "local_secondary_index": [],
            "name": "devops-test-app-database-table",
            "point_in_time_recovery": [
              {
                "enabled": false
              }
            ],
            "range_key": null,
            "read_capacity": 0,
            "replica": [],
            "restore_date_time": null,
            "restore_source_name": null,
            "restore_to_latest_time": null,
            "server_side_encryption": [],
            "stream_arn": "",
            "stream_enabled": false,
            "stream_label": "",
            "stream_view_type": "",
            "table_class": "",
            "tags": {
              "Environment": "dev",
              "Name": "devops-test-development-dynamodb-table"
            },
            "tags_all": {
              "Environment": "dev",
              "Name": "devops-test-development-dynamodb-table"
            },
            "timeouts": null,
            "ttl": [
              {
                "attribute_name": "",
                "enabled": false
              }
            ],
            "write_capacity": 0
          },
          "sensitive_attributes": [],
          "private": "eyJlMmJmYjczMC1lY2FhLTExZTYtOGY4OC0zNDM2M2JjN2M0YzAiOnsiY3JlYXRlIjoxODAwMDAwMDAwMDAwLCJkZWxldGUiOjYwMDAwMDAwMDAwMCwidXBkYXRlIjozNjAwMDAwMDAwMDAwfSwic2NoZW1hX3ZlcnNpb24iOiIxIn0="
        }
      ]
    },
    {
      "mode": "managed",
      "type": "aws_eip",
      "name": "devops-test-app-nat-eip",
      "provider": "provider[\"registry.terraform.io/hashicorp/aws\"]",
      "instances": [
        {
          "schema_version": 0,
          "attributes": {
            "address": null,
            "allocation_id": "eipalloc-0d4a2e11937c770f9",
            "associate_with_private_ip": null,
            "association_id": "eipassoc-04f7e147d04b51426",
            "carrier_ip": "",
            "customer_owned_ip": "",
            "customer_owned_ipv4_pool": "",
            "domain": "vpc",
            "id": "eipalloc-0d4a2e11937c770f9",
            "instance": "",
            "network_border_group": "eu-central-1",
            "network_interface": "eni-08cad3de47faa9c34",
            "private_dns": "ip-10-10-2-188.eu-central-1.compute.internal",
            "private_ip": "10.10.2.188",
            "public_dns": "ec2-3-74-81-150.eu-central-1.compute.amazonaws.com",
            "public_ip": "3.74.81.150",
            "public_ipv4_pool": "amazon",
            "tags": {
              "Environment": "dev",
              "Name": "devops-test-development-nat-eip"
            },
            "tags_all": {
              "Environment": "dev",
              "Name": "devops-test-development-nat-eip"
            },
            "timeouts": null,
            "vpc": true
          },
          "sensitive_attributes": [],
          "private": "eyJlMmJmYjczMC1lY2FhLTExZTYtOGY4OC0zNDM2M2JjN2M0YzAiOnsiZGVsZXRlIjoxODAwMDAwMDAwMDAsInJlYWQiOjkwMDAwMDAwMDAwMCwidXBkYXRlIjozMDAwMDAwMDAwMDB9fQ==",
          "dependencies": [
            "aws_internet_gateway.devops-test-app-igw",
            "aws_vpc.devops-test-app-vpc"
          ]
        }
      ]
    },
    {
      "mode": "managed",
      "type": "aws_eip",
      "name": "devops-test-app-sftp-eip",
      "provider": "provider[\"registry.terraform.io/hashicorp/aws\"]",
      "instances": [
        {
          "schema_version": 0,
          "attributes": {
            "address": null,
            "allocation_id": "eipalloc-06fc684944685d166",
            "associate_with_private_ip": null,
            "association_id": "eipassoc-0c56b5218cd46c80b",
            "carrier_ip": "",
            "customer_owned_ip": "",
            "customer_owned_ipv4_pool": "",
            "domain": "vpc",
            "id": "eipalloc-06fc684944685d166",
            "instance": "",
            "network_border_group": "eu-central-1",
            "network_interface": "eni-081c8c1cdf209357f",
            "private_dns": "ip-10-10-2-165.eu-central-1.compute.internal",
            "private_ip": "10.10.2.165",
            "public_dns": "ec2-3-121-204-87.eu-central-1.compute.amazonaws.com",
            "public_ip": "3.121.204.87",
            "public_ipv4_pool": "amazon",
            "tags": {
              "Environment": "dev",
              "Name": "devops-test-development-sftp-eip"
            },
            "tags_all": {
              "Environment": "dev",
              "Name": "devops-test-development-sftp-eip"
            },
            "timeouts": null,
            "vpc": true
          },
          "sensitive_attributes": [],
          "private": "eyJlMmJmYjczMC1lY2FhLTExZTYtOGY4OC0zNDM2M2JjN2M0YzAiOnsiZGVsZXRlIjoxODAwMDAwMDAwMDAsInJlYWQiOjkwMDAwMDAwMDAwMCwidXBkYXRlIjozMDAwMDAwMDAwMDB9fQ==",
          "dependencies": [
            "aws_internet_gateway.devops-test-app-igw",
            "aws_vpc.devops-test-app-vpc"
          ]
        }
      ]
    },
    {
      "mode": "managed",
      "type": "aws_iam_role",
      "name": "devops-test-app-transfer-server-iam-role",
      "provider": "provider[\"registry.terraform.io/hashicorp/aws\"]",
      "instances": [
        {
          "schema_version": 0,
          "attributes": {
            "arn": "arn:aws:iam::184062889021:role/devops-test-development-transfer-server-iam-role",
            "assume_role_policy": "{\"Version\":\"2012-10-17\",\"Statement\":[{\"Effect\":\"Allow\",\"Principal\":{\"Service\":\"transfer.amazonaws.com\"},\"Action\":\"sts:AssumeRole\"}]}",
            "create_date": "2022-07-15T19:45:04Z",
            "description": "",
            "force_detach_policies": false,
            "id": "devops-test-development-transfer-server-iam-role",
            "inline_policy": [
              {
                "name": "devops-test-development-transfer-server-iam-role-policy",
                "policy": "{\n    \"Version\": \"2012-10-17\",\n    \"Statement\": [\n        {\n            \"Sid\": \"AllowFullAccesstoS3\",\n            \"Effect\": \"Allow\",\n            \"Action\": [\n                \"s3:*\"\n            ],\n            \"Resource\": \"*\"\n        }\n    ]\n}\n"
              }
            ],
            "managed_policy_arns": [],
            "max_session_duration": 3600,
            "name": "devops-test-development-transfer-server-iam-role",
            "name_prefix": "",
            "path": "/",
            "permissions_boundary": null,
            "tags": {},
            "tags_all": {},
            "unique_id": "AROASVWYAZQ6W4CMHZXBB"
          },
          "sensitive_attributes": [],
          "private": "bnVsbA=="
        }
      ]
    },
    {
      "mode": "managed",
      "type": "aws_iam_role_policy",
      "name": "devops-test-app-transfer-server-iam-role-policy",
      "provider": "provider[\"registry.terraform.io/hashicorp/aws\"]",
      "instances": [
        {
          "schema_version": 0,
          "attributes": {
            "id": "devops-test-development-transfer-server-iam-role:devops-test-development-transfer-server-iam-role-policy",
            "name": "devops-test-development-transfer-server-iam-role-policy",
            "name_prefix": null,
            "policy": "{\n    \"Version\": \"2012-10-17\",\n    \"Statement\": [\n        {\n            \"Sid\": \"AllowFullAccesstoS3\",\n            \"Effect\": \"Allow\",\n            \"Action\": [\n                \"s3:*\"\n            ],\n            \"Resource\": \"*\"\n        }\n    ]\n}\n",
            "role": "devops-test-development-transfer-server-iam-role"
          },
          "sensitive_attributes": [],
          "private": "bnVsbA==",
          "dependencies": [
            "aws_iam_role.devops-test-app-transfer-server-iam-role"
          ]
        }
      ]
    },
    {
      "mode": "managed",
      "type": "aws_internet_gateway",
      "name": "devops-test-app-igw",
      "provider": "provider[\"registry.terraform.io/hashicorp/aws\"]",
      "instances": [
        {
          "schema_version": 0,
          "attributes": {
            "arn": "arn:aws:ec2:eu-central-1:184062889021:internet-gateway/igw-00d054bd7406bc885",
            "id": "igw-00d054bd7406bc885",
            "owner_id": "184062889021",
            "tags": {
              "Environment": "dev",
              "Name": "devops-test-development-igw"
            },
            "tags_all": {
              "Environment": "dev",
              "Name": "devops-test-development-igw"
            },
            "vpc_id": "vpc-08baa35e0ee174a3e"
          },
          "sensitive_attributes": [],
          "private": "bnVsbA==",
          "dependencies": [
            "aws_vpc.devops-test-app-vpc"
          ]
        }
      ]
    },
    {
      "mode": "managed",
      "type": "aws_launch_template",
      "name": "devops-test-app-queue-worker-launch-template",
      "provider": "provider[\"registry.terraform.io/hashicorp/aws\"]",
      "instances": [
        {
          "schema_version": 0,
          "attributes": {
            "arn": "arn:aws:ec2:eu-central-1:184062889021:launch-template/lt-0730eda3ba5ad3783",
            "block_device_mappings": [],
            "capacity_reservation_specification": [],
            "cpu_options": [],
            "credit_specification": [],
            "default_version": 1,
            "description": "",
            "disable_api_stop": false,
            "disable_api_termination": false,
            "ebs_optimized": "",
            "elastic_gpu_specifications": [],
            "elastic_inference_accelerator": [],
            "enclave_options": [],
            "hibernation_options": [],
            "iam_instance_profile": [],
            "id": "lt-0730eda3ba5ad3783",
            "image_id": "ami-0a1ee2fb28fe05df3",
            "instance_initiated_shutdown_behavior": "",
            "instance_market_options": [],
            "instance_requirements": [],
            "instance_type": "c5.large",
            "kernel_id": "",
            "key_name": "",
            "latest_version": 4,
            "license_specification": [],
            "maintenance_options": [],
            "metadata_options": [],
            "monitoring": [
              {
                "enabled": true
              }
            ],
            "name": "terraform-20220715194505585400000004",
            "name_prefix": "terraform-",
            "network_interfaces": [
              {
                "associate_carrier_ip_address": "",
                "associate_public_ip_address": "false",
                "delete_on_termination": "",
                "description": "",
                "device_index": 0,
                "interface_type": "",
                "ipv4_address_count": 0,
                "ipv4_addresses": [],
                "ipv4_prefix_count": 0,
                "ipv4_prefixes": [],
                "ipv6_address_count": 0,
                "ipv6_addresses": [],
                "ipv6_prefix_count": 0,
                "ipv6_prefixes": [],
                "network_card_index": 0,
                "network_interface_id": "",
                "private_ip_address": "",
                "security_groups": [
                  "sg-0cf275d205063ac43"
                ],
                "subnet_id": "subnet-07315bdd1e99a0628"
              }
            ],
            "placement": [],
            "private_dns_name_options": [],
            "ram_disk_id": "",
            "security_group_names": [],
            "tag_specifications": [],
            "tags": {
              "Environment": "dev",
              "Name": "devops-test-development-queue-worker"
            },
            "tags_all": {
              "Environment": "dev",
              "Name": "devops-test-development-queue-worker"
            },
            "update_default_version": null,
            "user_data": "",
            "vpc_security_group_ids": []
          },
          "sensitive_attributes": [],
          "private": "bnVsbA==",
          "dependencies": [
            "aws_security_group.devops-test-queue-worker-security-group",
            "aws_subnet.devops-test-app-private-subnet",
            "aws_vpc.devops-test-app-vpc"
          ]
        }
      ]
    },
    {
      "mode": "managed",
      "type": "aws_launch_template",
      "name": "devops-test-app-webserver-launch-template",
      "provider": "provider[\"registry.terraform.io/hashicorp/aws\"]",
      "instances": [
        {
          "schema_version": 0,
          "attributes": {
            "arn": "arn:aws:ec2:eu-central-1:184062889021:launch-template/lt-04933c1341eaadbc0",
            "block_device_mappings": [],
            "capacity_reservation_specification": [],
            "cpu_options": [],
            "credit_specification": [],
            "default_version": 1,
            "description": "",
            "disable_api_stop": false,
            "disable_api_termination": false,
            "ebs_optimized": "",
            "elastic_gpu_specifications": [],
            "elastic_inference_accelerator": [],
            "enclave_options": [],
            "hibernation_options": [],
            "iam_instance_profile": [],
            "id": "lt-04933c1341eaadbc0",
            "image_id": "ami-0a1ee2fb28fe05df3",
            "instance_initiated_shutdown_behavior": "",
            "instance_market_options": [],
            "instance_requirements": [],
            "instance_type": "t2.micro",
            "kernel_id": "",
            "key_name": "",
            "latest_version": 1,
            "license_specification": [],
            "maintenance_options": [],
            "metadata_options": [],
            "monitoring": [
              {
                "enabled": true
              }
            ],
            "name": "terraform-20220715194514337500000006",
            "name_prefix": "terraform-",
            "network_interfaces": [
              {
                "associate_carrier_ip_address": "",
                "associate_public_ip_address": "true",
                "delete_on_termination": "",
                "description": "",
                "device_index": 0,
                "interface_type": "",
                "ipv4_address_count": 0,
                "ipv4_addresses": [],
                "ipv4_prefix_count": 0,
                "ipv4_prefixes": [],
                "ipv6_address_count": 0,
                "ipv6_addresses": [],
                "ipv6_prefix_count": 0,
                "ipv6_prefixes": [],
                "network_card_index": 0,
                "network_interface_id": "",
                "private_ip_address": "",
                "security_groups": [
                  "sg-006c48754be28850e"
                ],
                "subnet_id": "subnet-0cd94389f87cda1ed"
              }
            ],
            "placement": [],
            "private_dns_name_options": [],
            "ram_disk_id": "",
            "security_group_names": [],
            "tag_specifications": [],
            "tags": {
              "Environment": "dev",
              "Name": "devops-test-development-webserver"
            },
            "tags_all": {
              "Environment": "dev",
              "Name": "devops-test-development-webserver"
            },
            "update_default_version": null,
            "user_data": "IyEvYmluL2Jhc2gKeXVtIHVwZGF0ZSAteQp5dW0gaW5zdGFsbCBodHRwZCAteQpzeXN0ZW1jdGwgc3RhcnQgaHR0cGQKc3lzdGVtY3RsIGVuYWJsZSBodHRwZApwZXJsIC1waSAtZSAncy9eIz9Qb3J0IDIyJC9Qb3J0IDEyMjAvJyAvZXRjL3NzaC9zc2hkX2NvbmZpZwpzZXJ2aWNlIHNzaGQgcmVzdGFydCB8fCBzZXJ2aWNlIHNzaCByZXN0YXJ0",
            "vpc_security_group_ids": []
          },
          "sensitive_attributes": [],
          "private": "bnVsbA==",
          "dependencies": [
            "aws_security_group.devops-test-web-server-security-group",
            "aws_subnet.devops-test-app-public-subnet",
            "aws_vpc.devops-test-app-vpc"
          ],
          "create_before_destroy": true
        }
      ]
    },
    {
      "mode": "managed",
      "type": "aws_nat_gateway",
      "name": "devops-test-app-nat-gateway",
      "provider": "provider[\"registry.terraform.io/hashicorp/aws\"]",
      "instances": [
        {
          "schema_version": 0,
          "attributes": {
            "allocation_id": "eipalloc-0d4a2e11937c770f9",
            "connectivity_type": "public",
            "id": "nat-01ffd1861464a1c17",
            "network_interface_id": "eni-08cad3de47faa9c34",
            "private_ip": "10.10.2.188",
            "public_ip": "3.74.81.150",
            "subnet_id": "subnet-0cd94389f87cda1ed",
            "tags": {
              "Environment": "dev",
              "Name": "devops-test-development-nat-gateway"
            },
            "tags_all": {
              "Environment": "dev",
              "Name": "devops-test-development-nat-gateway"
            }
          },
          "sensitive_attributes": [],
          "private": "bnVsbA==",
          "dependencies": [
            "aws_eip.devops-test-app-nat-eip",
            "aws_internet_gateway.devops-test-app-igw",
            "aws_subnet.devops-test-app-public-subnet",
            "aws_vpc.devops-test-app-vpc"
          ]
        }
      ]
    },
    {
      "mode": "managed",
      "type": "aws_network_acl",
      "name": "devops-test-app-public-network-acl",
      "provider": "provider[\"registry.terraform.io/hashicorp/aws\"]",
      "instances": [
        {
          "schema_version": 0,
          "attributes": {
            "arn": "arn:aws:ec2:eu-central-1:184062889021:network-acl/acl-0b6731b0a12988592",
            "egress": [
              {
                "action": "allow",
                "cidr_block": "0.0.0.0/0",
                "from_port": 0,
                "icmp_code": 0,
                "icmp_type": 0,
                "ipv6_cidr_block": "",
                "protocol": "-1",
                "rule_no": 100,
                "to_port": 0
              }
            ],
            "id": "acl-0b6731b0a12988592",
            "ingress": [
              {
                "action": "allow",
                "cidr_block": "0.0.0.0/0",
                "from_port": 220,
                "icmp_code": 0,
                "icmp_type": 0,
                "ipv6_cidr_block": "",
                "protocol": "6",
                "rule_no": 400,
                "to_port": 220
              },
              {
                "action": "allow",
                "cidr_block": "0.0.0.0/0",
                "from_port": 443,
                "icmp_code": 0,
                "icmp_type": 0,
                "ipv6_cidr_block": "",
                "protocol": "6",
                "rule_no": 500,
                "to_port": 443
              },
              {
                "action": "allow",
                "cidr_block": "0.0.0.0/0",
                "from_port": 80,
                "icmp_code": 0,
                "icmp_type": 0,
                "ipv6_cidr_block": "",
                "protocol": "6",
                "rule_no": 300,
                "to_port": 80
              },
              {
                "action": "allow",
                "cidr_block": "10.10.0.0/16",
                "from_port": 0,
                "icmp_code": 0,
                "icmp_type": 0,
                "ipv6_cidr_block": "",
                "protocol": "-1",
                "rule_no": 200,
                "to_port": 0
              }
            ],
            "owner_id": "184062889021",
            "subnet_ids": [
              "subnet-0cd94389f87cda1ed"
            ],
            "tags": {
              "Environment": "dev",
              "Name": "devops-test-development-public-network-acl"
            },
            "tags_all": {
              "Environment": "dev",
              "Name": "devops-test-development-public-network-acl"
            },
            "vpc_id": "vpc-08baa35e0ee174a3e"
          },
          "sensitive_attributes": [],
          "private": "bnVsbA==",
          "dependencies": [
            "aws_vpc.devops-test-app-vpc"
          ]
        }
      ]
    },
    {
      "mode": "managed",
      "type": "aws_network_acl_association",
      "name": "devops-test-app-public-network-acl-association",
      "provider": "provider[\"registry.terraform.io/hashicorp/aws\"]",
      "instances": [
        {
          "schema_version": 0,
          "attributes": {
            "id": "aclassoc-0f03fd7c9b1cc975d",
            "network_acl_id": "acl-0b6731b0a12988592",
            "subnet_id": "subnet-0cd94389f87cda1ed"
          },
          "sensitive_attributes": [],
          "private": "bnVsbA==",
          "dependencies": [
            "aws_internet_gateway.devops-test-app-igw",
            "aws_network_acl.devops-test-app-public-network-acl",
            "aws_subnet.devops-test-app-public-subnet",
            "aws_vpc.devops-test-app-vpc"
          ]
        }
      ]
    },
    {
      "mode": "managed",
      "type": "aws_route_table",
      "name": "devops-test-app-private-route-table",
      "provider": "provider[\"registry.terraform.io/hashicorp/aws\"]",
      "instances": [
        {
          "schema_version": 0,
          "attributes": {
            "arn": "arn:aws:ec2:eu-central-1:184062889021:route-table/rtb-0d780d60c5079cf2c",
            "id": "rtb-0d780d60c5079cf2c",
            "owner_id": "184062889021",
            "propagating_vgws": [],
            "route": [
              {
                "carrier_gateway_id": "",
                "cidr_block": "0.0.0.0/0",
                "core_network_arn": "",
                "destination_prefix_list_id": "",
                "egress_only_gateway_id": "",
                "gateway_id": "",
                "instance_id": "",
                "ipv6_cidr_block": "",
                "local_gateway_id": "",
                "nat_gateway_id": "nat-01ffd1861464a1c17",
                "network_interface_id": "",
                "transit_gateway_id": "",
                "vpc_endpoint_id": "",
                "vpc_peering_connection_id": ""
              }
            ],
            "tags": {
              "Environment": "dev",
              "Name": "devops-test-development-backend-rt"
            },
            "tags_all": {
              "Environment": "dev",
              "Name": "devops-test-development-backend-rt"
            },
            "timeouts": null,
            "vpc_id": "vpc-08baa35e0ee174a3e"
          },
          "sensitive_attributes": [],
          "private": "eyJlMmJmYjczMC1lY2FhLTExZTYtOGY4OC0zNDM2M2JjN2M0YzAiOnsiY3JlYXRlIjozMDAwMDAwMDAwMDAsImRlbGV0ZSI6MzAwMDAwMDAwMDAwLCJ1cGRhdGUiOjEyMDAwMDAwMDAwMH19",
          "dependencies": [
            "aws_eip.devops-test-app-nat-eip",
            "aws_internet_gateway.devops-test-app-igw",
            "aws_nat_gateway.devops-test-app-nat-gateway",
            "aws_subnet.devops-test-app-public-subnet",
            "aws_vpc.devops-test-app-vpc"
          ]
        }
      ]
    },
    {
      "mode": "managed",
      "type": "aws_route_table",
      "name": "devops-test-app-public-route-table",
      "provider": "provider[\"registry.terraform.io/hashicorp/aws\"]",
      "instances": [
        {
          "schema_version": 0,
          "attributes": {
            "arn": "arn:aws:ec2:eu-central-1:184062889021:route-table/rtb-0385438b520820447",
            "id": "rtb-0385438b520820447",
            "owner_id": "184062889021",
            "propagating_vgws": [],
            "route": [
              {
                "carrier_gateway_id": "",
                "cidr_block": "0.0.0.0/0",
                "core_network_arn": "",
                "destination_prefix_list_id": "",
                "egress_only_gateway_id": "",
                "gateway_id": "igw-00d054bd7406bc885",
                "instance_id": "",
                "ipv6_cidr_block": "",
                "local_gateway_id": "",
                "nat_gateway_id": "",
                "network_interface_id": "",
                "transit_gateway_id": "",
                "vpc_endpoint_id": "",
                "vpc_peering_connection_id": ""
              }
            ],
            "tags": {
              "Environment": "dev",
              "Name": "devops-test-development-public-route-table"
            },
            "tags_all": {
              "Environment": "dev",
              "Name": "devops-test-development-public-route-table"
            },
            "timeouts": null,
            "vpc_id": "vpc-08baa35e0ee174a3e"
          },
          "sensitive_attributes": [],
          "private": "eyJlMmJmYjczMC1lY2FhLTExZTYtOGY4OC0zNDM2M2JjN2M0YzAiOnsiY3JlYXRlIjozMDAwMDAwMDAwMDAsImRlbGV0ZSI6MzAwMDAwMDAwMDAwLCJ1cGRhdGUiOjEyMDAwMDAwMDAwMH19",
          "dependencies": [
            "aws_internet_gateway.devops-test-app-igw",
            "aws_vpc.devops-test-app-vpc"
          ]
        }
      ]
    },
    {
      "mode": "managed",
      "type": "aws_route_table_association",
      "name": "devops-test-backend-route-table-association",
      "provider": "provider[\"registry.terraform.io/hashicorp/aws\"]",
      "instances": [
        {
          "schema_version": 0,
          "attributes": {
            "gateway_id": "",
            "id": "rtbassoc-055c4e505fa31930b",
            "route_table_id": "rtb-0385438b520820447",
            "subnet_id": "subnet-0cd94389f87cda1ed"
          },
          "sensitive_attributes": [],
          "private": "bnVsbA==",
          "dependencies": [
            "aws_internet_gateway.devops-test-app-igw",
            "aws_route_table.devops-test-app-public-route-table",
            "aws_subnet.devops-test-app-public-subnet",
            "aws_vpc.devops-test-app-vpc"
          ]
        }
      ]
    },
    {
      "mode": "managed",
      "type": "aws_route_table_association",
      "name": "devops-test-frontend-route-table-association",
      "provider": "provider[\"registry.terraform.io/hashicorp/aws\"]",
      "instances": [
        {
          "schema_version": 0,
          "attributes": {
            "gateway_id": "",
            "id": "rtbassoc-07d4c0e86c5972463",
            "route_table_id": "rtb-0d780d60c5079cf2c",
            "subnet_id": "subnet-07315bdd1e99a0628"
          },
          "sensitive_attributes": [],
          "private": "bnVsbA==",
          "dependencies": [
            "aws_eip.devops-test-app-nat-eip",
            "aws_internet_gateway.devops-test-app-igw",
            "aws_nat_gateway.devops-test-app-nat-gateway",
            "aws_route_table.devops-test-app-private-route-table",
            "aws_subnet.devops-test-app-private-subnet",
            "aws_subnet.devops-test-app-public-subnet",
            "aws_vpc.devops-test-app-vpc"
          ]
        }
      ]
    },
    {
      "mode": "managed",
      "type": "aws_s3_bucket",
      "name": "devops-test-app-s3-bucket",
      "provider": "provider[\"registry.terraform.io/hashicorp/aws\"]",
      "instances": [
        {
          "schema_version": 0,
          "attributes": {
            "acceleration_status": "",
            "acl": "private",
            "arn": "arn:aws:s3:::development-app-s3-bucket",
            "bucket": "development-app-s3-bucket",
            "bucket_domain_name": "development-app-s3-bucket.s3.amazonaws.com",
            "bucket_prefix": null,
            "bucket_regional_domain_name": "development-app-s3-bucket.s3.eu-central-1.amazonaws.com",
            "cors_rule": [],
            "force_destroy": false,
            "grant": [
              {
                "id": "872f49d7b9907a3d385236e902c02a48f3a3fc43efb97de8ec000ab35e28f566",
                "permissions": [
                  "FULL_CONTROL"
                ],
                "type": "CanonicalUser",
                "uri": ""
              }
            ],
            "hosted_zone_id": "Z21DNDUVLTQW6Q",
            "id": "development-app-s3-bucket",
            "lifecycle_rule": [],
            "logging": [],
            "object_lock_configuration": [],
            "object_lock_enabled": false,
            "policy": "",
            "region": "eu-central-1",
            "replication_configuration": [],
            "request_payer": "BucketOwner",
            "server_side_encryption_configuration": [],
            "tags": {
              "Environment": "dev",
              "Name": "devops-test-development-s3-bucket"
            },
            "tags_all": {
              "Environment": "dev",
              "Name": "devops-test-development-s3-bucket"
            },
            "versioning": [
              {
                "enabled": false,
                "mfa_delete": false
              }
            ],
            "website": [],
            "website_domain": null,
            "website_endpoint": null
          },
          "sensitive_attributes": [],
          "private": "bnVsbA=="
        }
      ]
    },
    {
      "mode": "managed",
      "type": "aws_s3_bucket_notification",
      "name": "bucket_notification",
      "provider": "provider[\"registry.terraform.io/hashicorp/aws\"]",
      "instances": [
        {
          "schema_version": 0,
          "attributes": {
            "bucket": "development-app-s3-bucket",
            "eventbridge": false,
            "id": "development-app-s3-bucket",
            "lambda_function": [],
            "queue": [
              {
                "events": [
                  "s3:ObjectCreated:*"
                ],
                "filter_prefix": "",
                "filter_suffix": "",
                "id": "tf-s3-queue-20220715200904987300000001",
                "queue_arn": "arn:aws:sqs:eu-central-1:184062889021:development-devops-test-queuing-system"
              }
            ],
            "topic": []
          },
          "sensitive_attributes": [],
          "private": "bnVsbA==",
          "dependencies": [
            "aws_s3_bucket.devops-test-app-s3-bucket",
            "aws_sqs_queue.devops-test-queuing-system"
          ]
        }
      ]
    },
    {
      "mode": "managed",
      "type": "aws_security_group",
      "name": "devops-test-app-transfer-server-sg",
      "provider": "provider[\"registry.terraform.io/hashicorp/aws\"]",
      "instances": [
        {
          "schema_version": 1,
          "attributes": {
            "arn": "arn:aws:ec2:eu-central-1:184062889021:security-group/sg-0ee582f9027cedfad",
            "description": "sftp server security group",
            "egress": [
              {
                "cidr_blocks": [
                  "0.0.0.0/0"
                ],
                "description": "",
                "from_port": 0,
                "ipv6_cidr_blocks": [],
                "prefix_list_ids": [],
                "protocol": "-1",
                "security_groups": [],
                "self": false,
                "to_port": 0
              }
            ],
            "id": "sg-0ee582f9027cedfad",
            "ingress": [
              {
                "cidr_blocks": [
                  "0.0.0.0/0"
                ],
                "description": "",
                "from_port": 22,
                "ipv6_cidr_blocks": [],
                "prefix_list_ids": [],
                "protocol": "tcp",
                "security_groups": [],
                "self": false,
                "to_port": 22
              }
            ],
            "name": "terraform-20220715194503299800000001",
            "name_prefix": "terraform-",
            "owner_id": "184062889021",
            "revoke_rules_on_delete": false,
            "tags": {
              "Environment": "dev",
              "Name": "devops-test-development-transfer-server-sg"
            },
            "tags_all": {
              "Environment": "dev",
              "Name": "devops-test-development-transfer-server-sg"
            },
            "timeouts": null,
            "vpc_id": "vpc-08baa35e0ee174a3e"
          },
          "sensitive_attributes": [],
          "private": "eyJlMmJmYjczMC1lY2FhLTExZTYtOGY4OC0zNDM2M2JjN2M0YzAiOnsiY3JlYXRlIjo2MDAwMDAwMDAwMDAsImRlbGV0ZSI6OTAwMDAwMDAwMDAwfSwic2NoZW1hX3ZlcnNpb24iOiIxIn0=",
          "dependencies": [
            "aws_vpc.devops-test-app-vpc"
          ]
        }
      ]
    },
    {
      "mode": "managed",
      "type": "aws_security_group",
      "name": "devops-test-queue-worker-security-group",
      "provider": "provider[\"registry.terraform.io/hashicorp/aws\"]",
      "instances": [
        {
          "schema_version": 1,
          "attributes": {
            "arn": "arn:aws:ec2:eu-central-1:184062889021:security-group/sg-0cf275d205063ac43",
            "description": "queue worker security group",
            "egress": [
              {
                "cidr_blocks": [
                  "10.10.0.0/16"
                ],
                "description": "",
                "from_port": 0,
                "ipv6_cidr_blocks": [],
                "prefix_list_ids": [],
                "protocol": "-1",
                "security_groups": [],
                "self": false,
                "to_port": 0
              }
            ],
            "id": "sg-0cf275d205063ac43",
            "ingress": [
              {
                "cidr_blocks": [
                  "10.10.0.0/16"
                ],
                "description": "",
                "from_port": 1220,
                "ipv6_cidr_blocks": [],
                "prefix_list_ids": [],
                "protocol": "tcp",
                "security_groups": [],
                "self": false,
                "to_port": 1220
              }
            ],
            "name": "terraform-20220715194503300900000002",
            "name_prefix": "terraform-",
            "owner_id": "184062889021",
            "revoke_rules_on_delete": false,
            "tags": {
              "Environment": "dev",
              "Name": "devops-test-development-web-queue-worker-security-group"
            },
            "tags_all": {
              "Environment": "dev",
              "Name": "devops-test-development-web-queue-worker-security-group"
            },
            "timeouts": null,
            "vpc_id": "vpc-08baa35e0ee174a3e"
          },
          "sensitive_attributes": [],
          "private": "eyJlMmJmYjczMC1lY2FhLTExZTYtOGY4OC0zNDM2M2JjN2M0YzAiOnsiY3JlYXRlIjo2MDAwMDAwMDAwMDAsImRlbGV0ZSI6OTAwMDAwMDAwMDAwfSwic2NoZW1hX3ZlcnNpb24iOiIxIn0=",
          "dependencies": [
            "aws_vpc.devops-test-app-vpc"
          ]
        }
      ]
    },
    {
      "mode": "managed",
      "type": "aws_security_group",
      "name": "devops-test-web-server-security-group",
      "provider": "provider[\"registry.terraform.io/hashicorp/aws\"]",
      "instances": [
        {
          "schema_version": 1,
          "attributes": {
            "arn": "arn:aws:ec2:eu-central-1:184062889021:security-group/sg-006c48754be28850e",
            "description": "Web server security group",
            "egress": [
              {
                "cidr_blocks": [
                  "0.0.0.0/0"
                ],
                "description": "",
                "from_port": 0,
                "ipv6_cidr_blocks": [],
                "prefix_list_ids": [],
                "protocol": "-1",
                "security_groups": [],
                "self": false,
                "to_port": 0
              }
            ],
            "id": "sg-006c48754be28850e",
            "ingress": [
              {
                "cidr_blocks": [
                  "0.0.0.0/0"
                ],
                "description": "",
                "from_port": 443,
                "ipv6_cidr_blocks": [],
                "prefix_list_ids": [],
                "protocol": "tcp",
                "security_groups": [],
                "self": false,
                "to_port": 443
              },
              {
                "cidr_blocks": [
                  "0.0.0.0/0"
                ],
                "description": "",
                "from_port": 80,
                "ipv6_cidr_blocks": [],
                "prefix_list_ids": [],
                "protocol": "tcp",
                "security_groups": [],
                "self": false,
                "to_port": 80
              },
              {
                "cidr_blocks": [
                  "10.10.0.0/16"
                ],
                "description": "",
                "from_port": 1220,
                "ipv6_cidr_blocks": [],
                "prefix_list_ids": [],
                "protocol": "tcp",
                "security_groups": [],
                "self": false,
                "to_port": 1220
              }
            ],
            "name": "terraform-20220715194503305000000003",
            "name_prefix": "terraform-",
            "owner_id": "184062889021",
            "revoke_rules_on_delete": false,
            "tags": {
              "Environment": "dev",
              "Name": "devops-test-development-web-server-security-group"
            },
            "tags_all": {
              "Environment": "dev",
              "Name": "devops-test-development-web-server-security-group"
            },
            "timeouts": null,
            "vpc_id": "vpc-08baa35e0ee174a3e"
          },
          "sensitive_attributes": [],
          "private": "eyJlMmJmYjczMC1lY2FhLTExZTYtOGY4OC0zNDM2M2JjN2M0YzAiOnsiY3JlYXRlIjo2MDAwMDAwMDAwMDAsImRlbGV0ZSI6OTAwMDAwMDAwMDAwfSwic2NoZW1hX3ZlcnNpb24iOiIxIn0=",
          "dependencies": [
            "aws_vpc.devops-test-app-vpc"
          ],
          "create_before_destroy": true
        }
      ]
    },
    {
      "mode": "managed",
      "type": "aws_sqs_queue",
      "name": "devops-test-queuing-system",
      "provider": "provider[\"registry.terraform.io/hashicorp/aws\"]",
      "instances": [
        {
          "schema_version": 0,
          "attributes": {
            "arn": "arn:aws:sqs:eu-central-1:184062889021:development-devops-test-queuing-system",
            "content_based_deduplication": false,
            "deduplication_scope": "",
            "delay_seconds": 0,
            "fifo_queue": false,
            "fifo_throughput_limit": "",
            "id": "https://sqs.eu-central-1.amazonaws.com/184062889021/development-devops-test-queuing-system",
            "kms_data_key_reuse_period_seconds": 300,
            "kms_master_key_id": "",
            "max_message_size": 262144,
            "message_retention_seconds": 345600,
            "name": "development-devops-test-queuing-system",
            "name_prefix": "",
            "policy": "{\"Version\":\"2012-10-17\",\"Statement\":[{\"Effect\":\"Allow\",\"Principal\":\"*\",\"Action\":\"sqs:SendMessage\",\"Resource\":\"arn:aws:sqs:*:*:development-devops-test-queuing-system\",\"Condition\":{\"ArnEquals\":{\"aws:SourceArn\":\"arn:aws:s3:::development-app-s3-bucket\"}}}]}",
            "receive_wait_time_seconds": 0,
            "redrive_allow_policy": "",
            "redrive_policy": "",
            "sqs_managed_sse_enabled": false,
            "tags": {
              "Environment": "dev",
              "Name": "devops-test-development-queuing-system"
            },
            "tags_all": {
              "Environment": "dev",
              "Name": "devops-test-development-queuing-system"
            },
            "url": "https://sqs.eu-central-1.amazonaws.com/184062889021/development-devops-test-queuing-system",
            "visibility_timeout_seconds": 30
          },
          "sensitive_attributes": [],
          "private": "bnVsbA==",
          "dependencies": [
            "aws_s3_bucket.devops-test-app-s3-bucket"
          ]
        }
      ]
    },
    {
      "mode": "managed",
      "type": "aws_subnet",
      "name": "devops-test-app-private-subnet",
      "provider": "provider[\"registry.terraform.io/hashicorp/aws\"]",
      "instances": [
        {
          "schema_version": 1,
          "attributes": {
            "arn": "arn:aws:ec2:eu-central-1:184062889021:subnet/subnet-07315bdd1e99a0628",
            "assign_ipv6_address_on_creation": false,
            "availability_zone": "eu-central-1b",
            "availability_zone_id": "euc1-az3",
            "cidr_block": "10.10.1.0/24",
            "customer_owned_ipv4_pool": "",
            "enable_dns64": false,
            "enable_resource_name_dns_a_record_on_launch": false,
            "enable_resource_name_dns_aaaa_record_on_launch": false,
            "id": "subnet-07315bdd1e99a0628",
            "ipv6_cidr_block": "",
            "ipv6_cidr_block_association_id": "",
            "ipv6_native": false,
            "map_customer_owned_ip_on_launch": false,
            "map_public_ip_on_launch": false,
            "outpost_arn": "",
            "owner_id": "184062889021",
            "private_dns_hostname_type_on_launch": "ip-name",
            "tags": {
              "Environment": "dev",
              "Name": "devops-test-development-private-subnet"
            },
            "tags_all": {
              "Environment": "dev",
              "Name": "devops-test-development-private-subnet"
            },
            "timeouts": null,
            "vpc_id": "vpc-08baa35e0ee174a3e"
          },
          "sensitive_attributes": [],
          "private": "eyJlMmJmYjczMC1lY2FhLTExZTYtOGY4OC0zNDM2M2JjN2M0YzAiOnsiY3JlYXRlIjo2MDAwMDAwMDAwMDAsImRlbGV0ZSI6MTIwMDAwMDAwMDAwMH0sInNjaGVtYV92ZXJzaW9uIjoiMSJ9",
          "dependencies": [
            "aws_vpc.devops-test-app-vpc"
          ]
        }
      ]
    },
    {
      "mode": "managed",
      "type": "aws_subnet",
      "name": "devops-test-app-public-subnet",
      "provider": "provider[\"registry.terraform.io/hashicorp/aws\"]",
      "instances": [
        {
          "schema_version": 1,
          "attributes": {
            "arn": "arn:aws:ec2:eu-central-1:184062889021:subnet/subnet-0cd94389f87cda1ed",
            "assign_ipv6_address_on_creation": false,
            "availability_zone": "eu-central-1b",
            "availability_zone_id": "euc1-az3",
            "cidr_block": "10.10.2.0/24",
            "customer_owned_ipv4_pool": "",
            "enable_dns64": false,
            "enable_resource_name_dns_a_record_on_launch": false,
            "enable_resource_name_dns_aaaa_record_on_launch": false,
            "id": "subnet-0cd94389f87cda1ed",
            "ipv6_cidr_block": "",
            "ipv6_cidr_block_association_id": "",
            "ipv6_native": false,
            "map_customer_owned_ip_on_launch": false,
            "map_public_ip_on_launch": true,
            "outpost_arn": "",
            "owner_id": "184062889021",
            "private_dns_hostname_type_on_launch": "ip-name",
            "tags": {
              "Environment": "dev",
              "Name": "devops-test-development-public-subnet"
            },
            "tags_all": {
              "Environment": "dev",
              "Name": "devops-test-development-public-subnet"
            },
            "timeouts": null,
            "vpc_id": "vpc-08baa35e0ee174a3e"
          },
          "sensitive_attributes": [],
          "private": "eyJlMmJmYjczMC1lY2FhLTExZTYtOGY4OC0zNDM2M2JjN2M0YzAiOnsiY3JlYXRlIjo2MDAwMDAwMDAwMDAsImRlbGV0ZSI6MTIwMDAwMDAwMDAwMH0sInNjaGVtYV92ZXJzaW9uIjoiMSJ9",
          "dependencies": [
            "aws_vpc.devops-test-app-vpc"
          ],
          "create_before_destroy": true
        }
      ]
    },
    {
      "mode": "managed",
      "type": "aws_transfer_server",
      "name": "devops-test-app-transfer-server",
      "provider": "provider[\"registry.terraform.io/hashicorp/aws\"]",
      "instances": [
        {
          "schema_version": 0,
          "attributes": {
            "arn": "arn:aws:transfer:eu-central-1:184062889021:server/s-bdd860077bbb4237b",
            "certificate": "",
            "directory_id": "",
            "domain": "S3",
            "endpoint": "s-bdd860077bbb4237b.server.transfer.eu-central-1.amazonaws.com",
            "endpoint_details": [
              {
                "address_allocation_ids": [
                  "eipalloc-06fc684944685d166"
                ],
                "security_group_ids": [
                  "sg-0ee582f9027cedfad"
                ],
                "subnet_ids": [
                  "subnet-0cd94389f87cda1ed"
                ],
                "vpc_endpoint_id": "vpce-0839fd21c6c7e5596",
                "vpc_id": "vpc-08baa35e0ee174a3e"
              }
            ],
            "endpoint_type": "VPC",
            "force_destroy": false,
            "function": "",
            "host_key": null,
            "host_key_fingerprint": "SHA256:ajXRk+HOqGDIxMyBY+zBYUNStWeF7gqwzhiAb19tlfM=",
            "id": "s-bdd860077bbb4237b",
            "identity_provider_type": "SERVICE_MANAGED",
            "invocation_role": "",
            "logging_role": "",
            "post_authentication_login_banner": "",
            "pre_authentication_login_banner": "",
            "protocols": [
              "SFTP"
            ],
            "security_policy_name": "TransferSecurityPolicy-2018-11",
            "tags": {
              "Environment": "dev",
              "Name": "devops-test-development-transfer-server"
            },
            "tags_all": {
              "Environment": "dev",
              "Name": "devops-test-development-transfer-server"
            },
            "url": "",
            "workflow_details": []
          },
          "sensitive_attributes": [],
          "private": "bnVsbA==",
          "dependencies": [
            "aws_eip.devops-test-app-sftp-eip",
            "aws_internet_gateway.devops-test-app-igw",
            "aws_security_group.devops-test-app-transfer-server-sg",
            "aws_subnet.devops-test-app-public-subnet",
            "aws_vpc.devops-test-app-vpc"
          ]
        }
      ]
    },
    {
      "mode": "managed",
      "type": "aws_transfer_user",
      "name": "devops-test-app-transfer-user",
      "provider": "provider[\"registry.terraform.io/hashicorp/aws\"]",
      "instances": [
        {
          "schema_version": 0,
          "attributes": {
            "arn": "arn:aws:transfer:eu-central-1:184062889021:user/s-bdd860077bbb4237b/devops-test-development-transfer-user",
            "home_directory": "",
            "home_directory_mappings": [
              {
                "entry": "/development-app-s3-bucket/devops-test-development-transfer-user",
                "target": "/development-app-s3-bucket/devops-test-development-transfer-user"
              }
            ],
            "home_directory_type": "LOGICAL",
            "id": "s-bdd860077bbb4237b/devops-test-development-transfer-user",
            "policy": "",
            "posix_profile": [],
            "role": "arn:aws:iam::184062889021:role/devops-test-development-transfer-server-iam-role",
            "server_id": "s-bdd860077bbb4237b",
            "tags": {},
            "tags_all": {},
            "user_name": "devops-test-development-transfer-user"
          },
          "sensitive_attributes": [],
          "private": "bnVsbA==",
          "dependencies": [
            "aws_eip.devops-test-app-sftp-eip",
            "aws_iam_role.devops-test-app-transfer-server-iam-role",
            "aws_internet_gateway.devops-test-app-igw",
            "aws_s3_bucket.devops-test-app-s3-bucket",
            "aws_security_group.devops-test-app-transfer-server-sg",
            "aws_subnet.devops-test-app-public-subnet",
            "aws_transfer_server.devops-test-app-transfer-server",
            "aws_vpc.devops-test-app-vpc"
          ]
        }
      ]
    },
    {
      "mode": "managed",
      "type": "aws_vpc",
      "name": "devops-test-app-vpc",
      "provider": "provider[\"registry.terraform.io/hashicorp/aws\"]",
      "instances": [
        {
          "schema_version": 1,
          "attributes": {
            "arn": "arn:aws:ec2:eu-central-1:184062889021:vpc/vpc-08baa35e0ee174a3e",
            "assign_generated_ipv6_cidr_block": false,
            "cidr_block": "10.10.0.0/16",
            "default_network_acl_id": "acl-0954e1ea38cd0763f",
            "default_route_table_id": "rtb-0f64bcaa2b1485abb",
            "default_security_group_id": "sg-055552ec3d2f1679c",
            "dhcp_options_id": "dopt-1538bf7f",
            "enable_classiclink": false,
            "enable_classiclink_dns_support": false,
            "enable_dns_hostnames": false,
            "enable_dns_support": true,
            "id": "vpc-08baa35e0ee174a3e",
            "instance_tenancy": "default",
            "ipv4_ipam_pool_id": null,
            "ipv4_netmask_length": null,
            "ipv6_association_id": "",
            "ipv6_cidr_block": "",
            "ipv6_cidr_block_network_border_group": "",
            "ipv6_ipam_pool_id": "",
            "ipv6_netmask_length": 0,
            "main_route_table_id": "rtb-0f64bcaa2b1485abb",
            "owner_id": "184062889021",
            "tags": {
              "Environment": "dev",
              "Name": "devops-test-development-vpc"
            },
            "tags_all": {
              "Environment": "dev",
              "Name": "devops-test-development-vpc"
            }
          },
          "sensitive_attributes": [],
          "private": "eyJzY2hlbWFfdmVyc2lvbiI6IjEifQ==",
          "create_before_destroy": true
        }
      ]
    }
  ]
}
