{
  "version": 4,
  "terraform_version": "1.2.5",
  "serial": 368,
  "lineage": "27611d9f-f7e4-743d-7f21-22bc4a5dc95e",
  "outputs": {},
  "resources": [
    {
      "mode": "managed",
      "type": "aws_autoscaling_group",
      "name": "devops-test-app-webserver-autoscaling-group",
      "provider": "provider[\"registry.terraform.io/hashicorp/aws\"]",
      "instances": [
        {
          "schema_version": 0,
          "attributes": {
            "arn": "arn:aws:autoscaling:eu-central-1:184062889021:autoScalingGroup:0870a712-14ec-454f-93d6-a0be617819e1:autoScalingGroupName/dev--webserver-autoscaling-group",
            "availability_zones": [
              "eu-central-1c"
            ],
            "capacity_rebalance": false,
            "context": "",
            "default_cooldown": 300,
            "default_instance_warmup": 0,
            "desired_capacity": 1,
            "enabled_metrics": [],
            "force_delete": true,
            "force_delete_warm_pool": false,
            "health_check_grace_period": 100,
            "health_check_type": "ELB",
            "id": "dev--webserver-autoscaling-group",
            "initial_lifecycle_hook": [],
            "instance_refresh": [],
            "launch_configuration": "",
            "launch_template": [
              {
                "id": "lt-07082cad502f2d8d9",
                "name": "terraform-20220717165435893100000003",
                "version": ""
              }
            ],
            "load_balancers": [],
            "max_instance_lifetime": 0,
            "max_size": 10,
            "metrics_granularity": "1Minute",
            "min_elb_capacity": null,
            "min_size": 1,
            "mixed_instances_policy": [],
            "name": "dev--webserver-autoscaling-group",
            "name_prefix": "",
            "placement_group": "",
            "protect_from_scale_in": false,
            "service_linked_role_arn": "arn:aws:iam::184062889021:role/aws-service-role/autoscaling.amazonaws.com/AWSServiceRoleForAutoScaling",
            "suspended_processes": [],
            "tag": [],
            "tags": null,
            "target_group_arns": [],
            "termination_policies": [],
            "timeouts": null,
            "vpc_zone_identifier": [
              "subnet-0ca50b185c38de4c5"
            ],
            "wait_for_capacity_timeout": "10m",
            "wait_for_elb_capacity": null,
            "warm_pool": []
          },
          "sensitive_attributes": [],
          "private": "eyJlMmJmYjczMC1lY2FhLTExZTYtOGY4OC0zNDM2M2JjN2M0YzAiOnsiZGVsZXRlIjo2MDAwMDAwMDAwMDAsInVwZGF0ZSI6NjAwMDAwMDAwMDAwfX0=",
          "dependencies": [
            "aws_launch_template.devops-test-app-webserver-launch-template",
            "aws_security_group.devops-test-web-server-security-group",
            "aws_subnet.devops-test-app-private-subnet",
            "aws_vpc.devops-test-app-vpc"
          ],
          "create_before_destroy": true
        }
      ]
    },
    {
      "mode": "managed",
      "type": "aws_autoscaling_policy",
      "name": "devops-test-app-webserver-scaling-policy",
      "provider": "provider[\"registry.terraform.io/hashicorp/aws\"]",
      "instances": [
        {
          "schema_version": 0,
          "attributes": {
            "adjustment_type": "ChangeInCapacity",
            "arn": "arn:aws:autoscaling:eu-central-1:184062889021:scalingPolicy:6a5f4c6d-5115-4401-ab53-435241d64134:autoScalingGroupName/dev--webserver-autoscaling-group:policyName/dev--webserver-scaling-policy",
            "autoscaling_group_name": "dev--webserver-autoscaling-group",
            "cooldown": 100,
            "enabled": true,
            "estimated_instance_warmup": 0,
            "id": "dev--webserver-scaling-policy",
            "metric_aggregation_type": "",
            "min_adjustment_magnitude": null,
            "name": "dev--webserver-scaling-policy",
            "policy_type": "SimpleScaling",
            "predictive_scaling_configuration": [],
            "scaling_adjustment": 3,
            "step_adjustment": [],
            "target_tracking_configuration": []
          },
          "sensitive_attributes": [],
          "private": "bnVsbA==",
          "dependencies": [
            "aws_autoscaling_group.devops-test-app-webserver-autoscaling-group",
            "aws_launch_template.devops-test-app-webserver-launch-template",
            "aws_security_group.devops-test-web-server-security-group",
            "aws_subnet.devops-test-app-private-subnet",
            "aws_vpc.devops-test-app-vpc"
          ]
        }
      ]
    },
    {
      "mode": "managed",
      "type": "aws_eip",
      "name": "devops-test-app-nat-eip",
      "provider": "provider[\"registry.terraform.io/hashicorp/aws\"]",
      "instances": [
        {
          "schema_version": 0,
          "attributes": {
            "address": null,
            "allocation_id": "eipalloc-09fd618a5139024c7",
            "associate_with_private_ip": null,
            "association_id": "eipassoc-0a454f782bf61fec5",
            "carrier_ip": "",
            "customer_owned_ip": "",
            "customer_owned_ipv4_pool": "",
            "domain": "vpc",
            "id": "eipalloc-09fd618a5139024c7",
            "instance": "",
            "network_border_group": "eu-central-1",
            "network_interface": "eni-0c53b8fb1d738f311",
            "private_dns": "ip-10-2-2-217.eu-central-1.compute.internal",
            "private_ip": "10.2.2.217",
            "public_dns": "ec2-18-198-98-207.eu-central-1.compute.amazonaws.com",
            "public_ip": "18.198.98.207",
            "public_ipv4_pool": "amazon",
            "tags": {
              "Environment": "development",
              "Name": "devops-test-dev--nat-eip"
            },
            "tags_all": {
              "Environment": "development",
              "Name": "devops-test-dev--nat-eip"
            },
            "timeouts": null,
            "vpc": true
          },
          "sensitive_attributes": [],
          "private": "eyJlMmJmYjczMC1lY2FhLTExZTYtOGY4OC0zNDM2M2JjN2M0YzAiOnsiZGVsZXRlIjoxODAwMDAwMDAwMDAsInJlYWQiOjkwMDAwMDAwMDAwMCwidXBkYXRlIjozMDAwMDAwMDAwMDB9fQ==",
          "dependencies": [
            "aws_internet_gateway.devops-test-app-igw",
            "aws_vpc.devops-test-app-vpc"
          ]
        }
      ]
    },
    {
      "mode": "managed",
      "type": "aws_iam_role",
      "name": "devops-test-app-transfer-server-iam-role",
      "provider": "provider[\"registry.terraform.io/hashicorp/aws\"]",
      "instances": [
        {
          "schema_version": 0,
          "attributes": {
            "arn": "arn:aws:iam::184062889021:role/devops-test-dev--transfer-server-iam-role",
            "assume_role_policy": "{\"Version\":\"2012-10-17\",\"Statement\":[{\"Effect\":\"Allow\",\"Principal\":{\"Service\":\"transfer.amazonaws.com\"},\"Action\":\"sts:AssumeRole\"}]}",
            "create_date": "2022-07-17T16:54:34Z",
            "description": "",
            "force_detach_policies": false,
            "id": "devops-test-dev--transfer-server-iam-role",
            "inline_policy": [
              {
                "name": "devops-test-dev--transfer-server-iam-role-policy",
                "policy": "{\n    \"Version\": \"2012-10-17\",\n    \"Statement\": [\n        {\n            \"Sid\": \"AllowFullAccesstoS3\",\n            \"Effect\": \"Allow\",\n            \"Action\": [\n                \"s3:*\"\n            ],\n            \"Resource\": \"*\"\n        }\n    ]\n}\n"
              }
            ],
            "managed_policy_arns": [],
            "max_session_duration": 3600,
            "name": "devops-test-dev--transfer-server-iam-role",
            "name_prefix": "",
            "path": "/",
            "permissions_boundary": null,
            "tags": {},
            "tags_all": {},
            "unique_id": "AROASVWYAZQ6UL6QE3X5J"
          },
          "sensitive_attributes": [],
          "private": "bnVsbA=="
        }
      ]
    },
    {
      "mode": "managed",
      "type": "aws_iam_role_policy",
      "name": "devops-test-app-transfer-server-iam-role-policy",
      "provider": "provider[\"registry.terraform.io/hashicorp/aws\"]",
      "instances": [
        {
          "schema_version": 0,
          "attributes": {
            "id": "devops-test-dev--transfer-server-iam-role:devops-test-dev--transfer-server-iam-role-policy",
            "name": "devops-test-dev--transfer-server-iam-role-policy",
            "name_prefix": null,
            "policy": "{\n    \"Version\": \"2012-10-17\",\n    \"Statement\": [\n        {\n            \"Sid\": \"AllowFullAccesstoS3\",\n            \"Effect\": \"Allow\",\n            \"Action\": [\n                \"s3:*\"\n            ],\n            \"Resource\": \"*\"\n        }\n    ]\n}\n",
            "role": "devops-test-dev--transfer-server-iam-role"
          },
          "sensitive_attributes": [],
          "private": "bnVsbA==",
          "dependencies": [
            "aws_iam_role.devops-test-app-transfer-server-iam-role"
          ]
        }
      ]
    },
    {
      "mode": "managed",
      "type": "aws_internet_gateway",
      "name": "devops-test-app-igw",
      "provider": "provider[\"registry.terraform.io/hashicorp/aws\"]",
      "instances": [
        {
          "schema_version": 0,
          "attributes": {
            "arn": "arn:aws:ec2:eu-central-1:184062889021:internet-gateway/igw-0320810b68c75cf4c",
            "id": "igw-0320810b68c75cf4c",
            "owner_id": "184062889021",
            "tags": {
              "Environment": "development",
              "Name": "devops-test-dev--igw"
            },
            "tags_all": {
              "Environment": "development",
              "Name": "devops-test-dev--igw"
            },
            "vpc_id": "vpc-03a12147b7bb7255b"
          },
          "sensitive_attributes": [],
          "private": "bnVsbA==",
          "dependencies": [
            "aws_vpc.devops-test-app-vpc"
          ]
        }
      ]
    },
    {
      "mode": "managed",
      "type": "aws_launch_template",
      "name": "devops-test-app-webserver-launch-template",
      "provider": "provider[\"registry.terraform.io/hashicorp/aws\"]",
      "instances": [
        {
          "schema_version": 0,
          "attributes": {
            "arn": "arn:aws:ec2:eu-central-1:184062889021:launch-template/lt-07082cad502f2d8d9",
            "block_device_mappings": [],
            "capacity_reservation_specification": [],
            "cpu_options": [],
            "credit_specification": [],
            "default_version": 1,
            "description": "",
            "disable_api_stop": false,
            "disable_api_termination": false,
            "ebs_optimized": "",
            "elastic_gpu_specifications": [],
            "elastic_inference_accelerator": [],
            "enclave_options": [],
            "hibernation_options": [],
            "iam_instance_profile": [],
            "id": "lt-07082cad502f2d8d9",
            "image_id": "ami-0a1ee2fb28fe05df3",
            "instance_initiated_shutdown_behavior": "",
            "instance_market_options": [],
            "instance_requirements": [],
            "instance_type": "t2.micro",
            "kernel_id": "",
            "key_name": "",
            "latest_version": 1,
            "license_specification": [],
            "maintenance_options": [],
            "metadata_options": [],
            "monitoring": [
              {
                "enabled": true
              }
            ],
            "name": "terraform-20220717165435893100000003",
            "name_prefix": "terraform-",
            "network_interfaces": [
              {
                "associate_carrier_ip_address": "",
                "associate_public_ip_address": "false",
                "delete_on_termination": "",
                "description": "",
                "device_index": 0,
                "interface_type": "",
                "ipv4_address_count": 0,
                "ipv4_addresses": [],
                "ipv4_prefix_count": 0,
                "ipv4_prefixes": [],
                "ipv6_address_count": 0,
                "ipv6_addresses": [],
                "ipv6_prefix_count": 0,
                "ipv6_prefixes": [],
                "network_card_index": 0,
                "network_interface_id": "",
                "private_ip_address": "",
                "security_groups": [
                  "sg-0d3de69cbc2e33ead"
                ],
                "subnet_id": "subnet-0ca50b185c38de4c5"
              }
            ],
            "placement": [],
            "private_dns_name_options": [],
            "ram_disk_id": "",
            "security_group_names": [],
            "tag_specifications": [],
            "tags": {
              "Environment": "development",
              "Name": "devops-test-dev--webserver"
            },
            "tags_all": {
              "Environment": "development",
              "Name": "devops-test-dev--webserver"
            },
            "update_default_version": null,
            "user_data": "IyEvYmluL2Jhc2gKeXVtIHVwZGF0ZSAteQp5dW0gaW5zdGFsbCBodHRwZCAteQpzeXN0ZW1jdGwgc3RhcnQgaHR0cGQKc3lzdGVtY3RsIGVuYWJsZSBodHRwZApwZXJsIC1waSAtZSAncy9eIz9Qb3J0IDIyJC9Qb3J0IDEyMjAvJyAvZXRjL3NzaC9zc2hkX2NvbmZpZwpzZXJ2aWNlIHNzaGQgcmVzdGFydCB8fCBzZXJ2aWNlIHNzaCByZXN0YXJ0",
            "vpc_security_group_ids": []
          },
          "sensitive_attributes": [],
          "private": "bnVsbA==",
          "dependencies": [
            "aws_security_group.devops-test-web-server-security-group",
            "aws_subnet.devops-test-app-private-subnet",
            "aws_vpc.devops-test-app-vpc"
          ],
          "create_before_destroy": true
        }
      ]
    },
    {
      "mode": "managed",
      "type": "aws_nat_gateway",
      "name": "devops-test-app-nat-gateway",
      "provider": "provider[\"registry.terraform.io/hashicorp/aws\"]",
      "instances": [
        {
          "schema_version": 0,
          "attributes": {
            "allocation_id": "eipalloc-09fd618a5139024c7",
            "connectivity_type": "public",
            "id": "nat-08947e67e7fe51779",
            "network_interface_id": "eni-0c53b8fb1d738f311",
            "private_ip": "10.2.2.217",
            "public_ip": "18.198.98.207",
            "subnet_id": "subnet-058452885d3041c40",
            "tags": {
              "Environment": "development",
              "Name": "devops-test-dev--nat-gateway"
            },
            "tags_all": {
              "Environment": "development",
              "Name": "devops-test-dev--nat-gateway"
            }
          },
          "sensitive_attributes": [],
          "private": "bnVsbA==",
          "dependencies": [
            "aws_eip.devops-test-app-nat-eip",
            "aws_internet_gateway.devops-test-app-igw",
            "aws_subnet.devops-test-app-public-subnet",
            "aws_vpc.devops-test-app-vpc"
          ]
        }
      ]
    },
    {
      "mode": "managed",
      "type": "aws_route_table",
      "name": "devops-test-app-private-route-table",
      "provider": "provider[\"registry.terraform.io/hashicorp/aws\"]",
      "instances": [
        {
          "schema_version": 0,
          "attributes": {
            "arn": "arn:aws:ec2:eu-central-1:184062889021:route-table/rtb-0c69e01a69e035246",
            "id": "rtb-0c69e01a69e035246",
            "owner_id": "184062889021",
            "propagating_vgws": [],
            "route": [
              {
                "carrier_gateway_id": "",
                "cidr_block": "0.0.0.0/0",
                "core_network_arn": "",
                "destination_prefix_list_id": "",
                "egress_only_gateway_id": "",
                "gateway_id": "",
                "instance_id": "",
                "ipv6_cidr_block": "",
                "local_gateway_id": "",
                "nat_gateway_id": "nat-08947e67e7fe51779",
                "network_interface_id": "",
                "transit_gateway_id": "",
                "vpc_endpoint_id": "",
                "vpc_peering_connection_id": ""
              }
            ],
            "tags": {
              "Environment": "development",
              "Name": "devops-test-dev--backend-rt"
            },
            "tags_all": {
              "Environment": "development",
              "Name": "devops-test-dev--backend-rt"
            },
            "timeouts": null,
            "vpc_id": "vpc-03a12147b7bb7255b"
          },
          "sensitive_attributes": [],
          "private": "eyJlMmJmYjczMC1lY2FhLTExZTYtOGY4OC0zNDM2M2JjN2M0YzAiOnsiY3JlYXRlIjozMDAwMDAwMDAwMDAsImRlbGV0ZSI6MzAwMDAwMDAwMDAwLCJ1cGRhdGUiOjEyMDAwMDAwMDAwMH19",
          "dependencies": [
            "aws_eip.devops-test-app-nat-eip",
            "aws_internet_gateway.devops-test-app-igw",
            "aws_nat_gateway.devops-test-app-nat-gateway",
            "aws_subnet.devops-test-app-public-subnet",
            "aws_vpc.devops-test-app-vpc"
          ]
        }
      ]
    },
    {
      "mode": "managed",
      "type": "aws_route_table",
      "name": "devops-test-app-public-route-table",
      "provider": "provider[\"registry.terraform.io/hashicorp/aws\"]",
      "instances": [
        {
          "schema_version": 0,
          "attributes": {
            "arn": "arn:aws:ec2:eu-central-1:184062889021:route-table/rtb-0be840e96b3f39a02",
            "id": "rtb-0be840e96b3f39a02",
            "owner_id": "184062889021",
            "propagating_vgws": [],
            "route": [
              {
                "carrier_gateway_id": "",
                "cidr_block": "0.0.0.0/0",
                "core_network_arn": "",
                "destination_prefix_list_id": "",
                "egress_only_gateway_id": "",
                "gateway_id": "igw-0320810b68c75cf4c",
                "instance_id": "",
                "ipv6_cidr_block": "",
                "local_gateway_id": "",
                "nat_gateway_id": "",
                "network_interface_id": "",
                "transit_gateway_id": "",
                "vpc_endpoint_id": "",
                "vpc_peering_connection_id": ""
              }
            ],
            "tags": {
              "Environment": "development",
              "Name": "devops-test-dev--public-route-table"
            },
            "tags_all": {
              "Environment": "development",
              "Name": "devops-test-dev--public-route-table"
            },
            "timeouts": null,
            "vpc_id": "vpc-03a12147b7bb7255b"
          },
          "sensitive_attributes": [],
          "private": "eyJlMmJmYjczMC1lY2FhLTExZTYtOGY4OC0zNDM2M2JjN2M0YzAiOnsiY3JlYXRlIjozMDAwMDAwMDAwMDAsImRlbGV0ZSI6MzAwMDAwMDAwMDAwLCJ1cGRhdGUiOjEyMDAwMDAwMDAwMH19",
          "dependencies": [
            "aws_internet_gateway.devops-test-app-igw",
            "aws_vpc.devops-test-app-vpc"
          ]
        }
      ]
    },
    {
      "mode": "managed",
      "type": "aws_route_table_association",
      "name": "devops-test-private-route-table-association",
      "provider": "provider[\"registry.terraform.io/hashicorp/aws\"]",
      "instances": [
        {
          "schema_version": 0,
          "attributes": {
            "gateway_id": "",
            "id": "rtbassoc-0d3b2ab0bba6c2022",
            "route_table_id": "rtb-0be840e96b3f39a02",
            "subnet_id": "subnet-058452885d3041c40"
          },
          "sensitive_attributes": [],
          "private": "bnVsbA==",
          "dependencies": [
            "aws_internet_gateway.devops-test-app-igw",
            "aws_route_table.devops-test-app-public-route-table",
            "aws_subnet.devops-test-app-public-subnet",
            "aws_vpc.devops-test-app-vpc"
          ]
        }
      ]
    },
    {
      "mode": "managed",
      "type": "aws_route_table_association",
      "name": "devops-test-public-route-table-association",
      "provider": "provider[\"registry.terraform.io/hashicorp/aws\"]",
      "instances": [
        {
          "schema_version": 0,
          "attributes": {
            "gateway_id": "",
            "id": "rtbassoc-04b910c80694b1e5d",
            "route_table_id": "rtb-0c69e01a69e035246",
            "subnet_id": "subnet-0ca50b185c38de4c5"
          },
          "sensitive_attributes": [],
          "private": "bnVsbA==",
          "dependencies": [
            "aws_eip.devops-test-app-nat-eip",
            "aws_internet_gateway.devops-test-app-igw",
            "aws_nat_gateway.devops-test-app-nat-gateway",
            "aws_route_table.devops-test-app-private-route-table",
            "aws_subnet.devops-test-app-private-subnet",
            "aws_subnet.devops-test-app-public-subnet",
            "aws_vpc.devops-test-app-vpc"
          ]
        }
      ]
    },
    {
      "mode": "managed",
      "type": "aws_s3_bucket",
      "name": "devops-test-app-s3-bucket",
      "provider": "provider[\"registry.terraform.io/hashicorp/aws\"]",
      "instances": [
        {
          "schema_version": 0,
          "attributes": {
            "acceleration_status": "",
            "acl": "private",
            "arn": "arn:aws:s3:::dev--app-s3-bucket",
            "bucket": "dev--app-s3-bucket",
            "bucket_domain_name": "dev--app-s3-bucket.s3.amazonaws.com",
            "bucket_prefix": null,
            "bucket_regional_domain_name": "dev--app-s3-bucket.s3.eu-central-1.amazonaws.com",
            "cors_rule": [],
            "force_destroy": false,
            "grant": [
              {
                "id": "872f49d7b9907a3d385236e902c02a48f3a3fc43efb97de8ec000ab35e28f566",
                "permissions": [
                  "FULL_CONTROL"
                ],
                "type": "CanonicalUser",
                "uri": ""
              }
            ],
            "hosted_zone_id": "Z21DNDUVLTQW6Q",
            "id": "dev--app-s3-bucket",
            "lifecycle_rule": [],
            "logging": [],
            "object_lock_configuration": [],
            "object_lock_enabled": false,
            "policy": "",
            "region": "eu-central-1",
            "replication_configuration": [],
            "request_payer": "BucketOwner",
            "server_side_encryption_configuration": [],
            "tags": {
              "Environment": "development",
              "Name": "devops-test-dev--s3-bucket"
            },
            "tags_all": {
              "Environment": "development",
              "Name": "devops-test-dev--s3-bucket"
            },
            "versioning": [
              {
                "enabled": false,
                "mfa_delete": false
              }
            ],
            "website": [],
            "website_domain": null,
            "website_endpoint": null
          },
          "sensitive_attributes": [],
          "private": "bnVsbA=="
        }
      ]
    },
    {
      "mode": "managed",
      "type": "aws_security_group",
      "name": "devops-test-app-transfer-server-sg",
      "provider": "provider[\"registry.terraform.io/hashicorp/aws\"]",
      "instances": [
        {
          "schema_version": 1,
          "attributes": {
            "arn": "arn:aws:ec2:eu-central-1:184062889021:security-group/sg-0f5f66407771e3d70",
            "description": "sftp server security group",
            "egress": [
              {
                "cidr_blocks": [
                  "10.2.0.0/16"
                ],
                "description": "",
                "from_port": 0,
                "ipv6_cidr_blocks": [],
                "prefix_list_ids": [],
                "protocol": "-1",
                "security_groups": [],
                "self": false,
                "to_port": 0
              }
            ],
            "id": "sg-0f5f66407771e3d70",
            "ingress": [
              {
                "cidr_blocks": [
                  "10.2.0.0/16"
                ],
                "description": "",
                "from_port": 22,
                "ipv6_cidr_blocks": [],
                "prefix_list_ids": [],
                "protocol": "tcp",
                "security_groups": [],
                "self": false,
                "to_port": 22
              }
            ],
            "name": "terraform-20220717165433624500000001",
            "name_prefix": "terraform-",
            "owner_id": "184062889021",
            "revoke_rules_on_delete": false,
            "tags": {
              "Environment": "development",
              "Name": "devops-test-dev--transfer-server-sg"
            },
            "tags_all": {
              "Environment": "development",
              "Name": "devops-test-dev--transfer-server-sg"
            },
            "timeouts": null,
            "vpc_id": "vpc-03a12147b7bb7255b"
          },
          "sensitive_attributes": [],
          "private": "eyJlMmJmYjczMC1lY2FhLTExZTYtOGY4OC0zNDM2M2JjN2M0YzAiOnsiY3JlYXRlIjo2MDAwMDAwMDAwMDAsImRlbGV0ZSI6OTAwMDAwMDAwMDAwfSwic2NoZW1hX3ZlcnNpb24iOiIxIn0=",
          "dependencies": [
            "aws_vpc.devops-test-app-vpc"
          ]
        }
      ]
    },
    {
      "mode": "managed",
      "type": "aws_security_group",
      "name": "devops-test-web-server-security-group",
      "provider": "provider[\"registry.terraform.io/hashicorp/aws\"]",
      "instances": [
        {
          "schema_version": 1,
          "attributes": {
            "arn": "arn:aws:ec2:eu-central-1:184062889021:security-group/sg-0d3de69cbc2e33ead",
            "description": "Web server security group",
            "egress": [
              {
                "cidr_blocks": [
                  "0.0.0.0/0"
                ],
                "description": "",
                "from_port": 0,
                "ipv6_cidr_blocks": [],
                "prefix_list_ids": [],
                "protocol": "-1",
                "security_groups": [],
                "self": false,
                "to_port": 0
              }
            ],
            "id": "sg-0d3de69cbc2e33ead",
            "ingress": [
              {
                "cidr_blocks": [
                  "10.2.0.0/16"
                ],
                "description": "",
                "from_port": 1220,
                "ipv6_cidr_blocks": [],
                "prefix_list_ids": [],
                "protocol": "tcp",
                "security_groups": [],
                "self": false,
                "to_port": 1220
              },
              {
                "cidr_blocks": [
                  "10.2.0.0/16"
                ],
                "description": null,
                "from_port": 22,
                "ipv6_cidr_blocks": [],
                "prefix_list_ids": [],
                "protocol": "tcp",
                "security_groups": [],
                "self": false,
                "to_port": 22
              },
              {
                "cidr_blocks": [
                  "10.2.0.0/16"
                ],
                "description": null,
                "from_port": 443,
                "ipv6_cidr_blocks": [],
                "prefix_list_ids": [],
                "protocol": "tcp",
                "security_groups": [],
                "self": false,
                "to_port": 443
              },
              {
                "cidr_blocks": [
                  "10.2.0.0/16"
                ],
                "description": null,
                "from_port": 80,
                "ipv6_cidr_blocks": [],
                "prefix_list_ids": [],
                "protocol": "tcp",
                "security_groups": [],
                "self": false,
                "to_port": 80
              }
            ],
            "name": "terraform-20220717165433629500000002",
            "name_prefix": "terraform-",
            "owner_id": "184062889021",
            "revoke_rules_on_delete": false,
            "tags": {
              "Environment": "development",
              "Name": "devops-test-dev--web-server-security-group"
            },
            "tags_all": {
              "Environment": "development",
              "Name": "devops-test-dev--web-server-security-group"
            },
            "timeouts": null,
            "vpc_id": "vpc-03a12147b7bb7255b"
          },
          "sensitive_attributes": [],
          "private": "eyJlMmJmYjczMC1lY2FhLTExZTYtOGY4OC0zNDM2M2JjN2M0YzAiOnsiY3JlYXRlIjo2MDAwMDAwMDAwMDAsImRlbGV0ZSI6OTAwMDAwMDAwMDAwfSwic2NoZW1hX3ZlcnNpb24iOiIxIn0=",
          "dependencies": [
            "aws_vpc.devops-test-app-vpc"
          ]
        }
      ]
    },
    {
      "mode": "managed",
      "type": "aws_subnet",
      "name": "devops-test-app-private-subnet",
      "provider": "provider[\"registry.terraform.io/hashicorp/aws\"]",
      "instances": [
        {
          "schema_version": 1,
          "attributes": {
            "arn": "arn:aws:ec2:eu-central-1:184062889021:subnet/subnet-0ca50b185c38de4c5",
            "assign_ipv6_address_on_creation": false,
            "availability_zone": "eu-central-1c",
            "availability_zone_id": "euc1-az1",
            "cidr_block": "10.2.1.0/24",
            "customer_owned_ipv4_pool": "",
            "enable_dns64": false,
            "enable_resource_name_dns_a_record_on_launch": false,
            "enable_resource_name_dns_aaaa_record_on_launch": false,
            "id": "subnet-0ca50b185c38de4c5",
            "ipv6_cidr_block": "",
            "ipv6_cidr_block_association_id": "",
            "ipv6_native": false,
            "map_customer_owned_ip_on_launch": false,
            "map_public_ip_on_launch": false,
            "outpost_arn": "",
            "owner_id": "184062889021",
            "private_dns_hostname_type_on_launch": "ip-name",
            "tags": {
              "Environment": "development",
              "Name": "devops-test-dev--private-subnet"
            },
            "tags_all": {
              "Environment": "development",
              "Name": "devops-test-dev--private-subnet"
            },
            "timeouts": null,
            "vpc_id": "vpc-03a12147b7bb7255b"
          },
          "sensitive_attributes": [],
          "private": "eyJlMmJmYjczMC1lY2FhLTExZTYtOGY4OC0zNDM2M2JjN2M0YzAiOnsiY3JlYXRlIjo2MDAwMDAwMDAwMDAsImRlbGV0ZSI6MTIwMDAwMDAwMDAwMH0sInNjaGVtYV92ZXJzaW9uIjoiMSJ9",
          "dependencies": [
            "aws_vpc.devops-test-app-vpc"
          ],
          "create_before_destroy": true
        }
      ]
    },
    {
      "mode": "managed",
      "type": "aws_subnet",
      "name": "devops-test-app-public-subnet",
      "provider": "provider[\"registry.terraform.io/hashicorp/aws\"]",
      "instances": [
        {
          "schema_version": 1,
          "attributes": {
            "arn": "arn:aws:ec2:eu-central-1:184062889021:subnet/subnet-058452885d3041c40",
            "assign_ipv6_address_on_creation": false,
            "availability_zone": "eu-central-1b",
            "availability_zone_id": "euc1-az3",
            "cidr_block": "10.2.2.0/24",
            "customer_owned_ipv4_pool": "",
            "enable_dns64": false,
            "enable_resource_name_dns_a_record_on_launch": false,
            "enable_resource_name_dns_aaaa_record_on_launch": false,
            "id": "subnet-058452885d3041c40",
            "ipv6_cidr_block": "",
            "ipv6_cidr_block_association_id": "",
            "ipv6_native": false,
            "map_customer_owned_ip_on_launch": false,
            "map_public_ip_on_launch": true,
            "outpost_arn": "",
            "owner_id": "184062889021",
            "private_dns_hostname_type_on_launch": "ip-name",
            "tags": {
              "Environment": "development",
              "Name": "devops-test-dev--public-subnet"
            },
            "tags_all": {
              "Environment": "development",
              "Name": "devops-test-dev--public-subnet"
            },
            "timeouts": null,
            "vpc_id": "vpc-03a12147b7bb7255b"
          },
          "sensitive_attributes": [],
          "private": "eyJlMmJmYjczMC1lY2FhLTExZTYtOGY4OC0zNDM2M2JjN2M0YzAiOnsiY3JlYXRlIjo2MDAwMDAwMDAwMDAsImRlbGV0ZSI6MTIwMDAwMDAwMDAwMH0sInNjaGVtYV92ZXJzaW9uIjoiMSJ9",
          "dependencies": [
            "aws_vpc.devops-test-app-vpc"
          ]
        }
      ]
    },
    {
      "mode": "managed",
      "type": "aws_transfer_server",
      "name": "devops-test-app-transfer-server",
      "provider": "provider[\"registry.terraform.io/hashicorp/aws\"]",
      "instances": [
        {
          "schema_version": 0,
          "attributes": {
            "arn": "arn:aws:transfer:eu-central-1:184062889021:server/s-6e5cae60ca924bfb9",
            "certificate": "",
            "directory_id": "",
            "domain": "S3",
            "endpoint": "s-6e5cae60ca924bfb9.server.transfer.eu-central-1.amazonaws.com",
            "endpoint_details": [
              {
                "address_allocation_ids": [],
                "security_group_ids": [
                  "sg-0f5f66407771e3d70"
                ],
                "subnet_ids": [
                  "subnet-0ca50b185c38de4c5"
                ],
                "vpc_endpoint_id": "vpce-0af4ca89498bd61f1",
                "vpc_id": "vpc-03a12147b7bb7255b"
              }
            ],
            "endpoint_type": "VPC",
            "force_destroy": false,
            "function": "",
            "host_key": null,
            "host_key_fingerprint": "SHA256:ZGX2S9JJotEZN5kdDHHk6R4P2Y91PWbiSD17zXaLX0M=",
            "id": "s-6e5cae60ca924bfb9",
            "identity_provider_type": "SERVICE_MANAGED",
            "invocation_role": "",
            "logging_role": "",
            "post_authentication_login_banner": "",
            "pre_authentication_login_banner": "",
            "protocols": [
              "SFTP"
            ],
            "security_policy_name": "TransferSecurityPolicy-2018-11",
            "tags": {
              "Environment": "development",
              "Name": "devops-test-dev--transfer-server"
            },
            "tags_all": {
              "Environment": "development",
              "Name": "devops-test-dev--transfer-server"
            },
            "url": "",
            "workflow_details": []
          },
          "sensitive_attributes": [],
          "private": "bnVsbA==",
          "dependencies": [
            "aws_security_group.devops-test-app-transfer-server-sg",
            "aws_subnet.devops-test-app-private-subnet",
            "aws_vpc.devops-test-app-vpc"
          ]
        }
      ]
    },
    {
      "mode": "managed",
      "type": "aws_transfer_user",
      "name": "devops-test-app-transfer-user",
      "provider": "provider[\"registry.terraform.io/hashicorp/aws\"]",
      "instances": [
        {
          "schema_version": 0,
          "attributes": {
            "arn": "arn:aws:transfer:eu-central-1:184062889021:user/s-6e5cae60ca924bfb9/devops-test-dev--transfer-user",
            "home_directory": "",
            "home_directory_mappings": [
              {
                "entry": "/dev--app-s3-bucket/devops-test-dev--transfer-user",
                "target": "/dev--app-s3-bucket/devops-test-dev--transfer-user"
              }
            ],
            "home_directory_type": "LOGICAL",
            "id": "s-6e5cae60ca924bfb9/devops-test-dev--transfer-user",
            "policy": "",
            "posix_profile": [],
            "role": "arn:aws:iam::184062889021:role/devops-test-dev--transfer-server-iam-role",
            "server_id": "s-6e5cae60ca924bfb9",
            "tags": {},
            "tags_all": {},
            "user_name": "devops-test-dev--transfer-user"
          },
          "sensitive_attributes": [],
          "private": "bnVsbA==",
          "dependencies": [
            "aws_iam_role.devops-test-app-transfer-server-iam-role",
            "aws_s3_bucket.devops-test-app-s3-bucket",
            "aws_security_group.devops-test-app-transfer-server-sg",
            "aws_subnet.devops-test-app-private-subnet",
            "aws_transfer_server.devops-test-app-transfer-server",
            "aws_vpc.devops-test-app-vpc"
          ]
        }
      ]
    },
    {
      "mode": "managed",
      "type": "aws_vpc",
      "name": "devops-test-app-vpc",
      "provider": "provider[\"registry.terraform.io/hashicorp/aws\"]",
      "instances": [
        {
          "schema_version": 1,
          "attributes": {
            "arn": "arn:aws:ec2:eu-central-1:184062889021:vpc/vpc-03a12147b7bb7255b",
            "assign_generated_ipv6_cidr_block": false,
            "cidr_block": "10.2.0.0/16",
            "default_network_acl_id": "acl-07bee5c0023b96f60",
            "default_route_table_id": "rtb-009028d56d7f5d1a7",
            "default_security_group_id": "sg-0889fce31cde7b4fd",
            "dhcp_options_id": "dopt-1538bf7f",
            "enable_classiclink": false,
            "enable_classiclink_dns_support": false,
            "enable_dns_hostnames": false,
            "enable_dns_support": true,
            "id": "vpc-03a12147b7bb7255b",
            "instance_tenancy": "default",
            "ipv4_ipam_pool_id": null,
            "ipv4_netmask_length": null,
            "ipv6_association_id": "",
            "ipv6_cidr_block": "",
            "ipv6_cidr_block_network_border_group": "",
            "ipv6_ipam_pool_id": "",
            "ipv6_netmask_length": 0,
            "main_route_table_id": "rtb-009028d56d7f5d1a7",
            "owner_id": "184062889021",
            "tags": {
              "Environment": "development",
              "Name": "devops-test-dev--vpc"
            },
            "tags_all": {
              "Environment": "development",
              "Name": "devops-test-dev--vpc"
            }
          },
          "sensitive_attributes": [],
          "private": "eyJzY2hlbWFfdmVyc2lvbiI6IjEifQ==",
          "create_before_destroy": true
        }
      ]
    }
  ]
}
